<?xml version="1.0" encoding="UTF-8"?>
<Scheme
   version = "1.3">
   <BuildAction>
      <BuildActionEntries>
         <BuildActionEntry
            buildForRunning = "YES">
            <BuildableReference
               BuildableIdentifier = "primary"
               BlueprintIdentifier = "42C1AD461AAF3E7F00248A8D"
               BuildableName = "PGXcodeActionBrowser.xcplugin"
               BlueprintName = "PGXcodeActionBrowser"
               ReferencedContainer = "container:PGXcodeActionBrowser.xcodeproj">
            </BuildableReference>
         </BuildActionEntry>
      </BuildActionEntries>
   </BuildAction>
   <LaunchAction
      useCustomWorkingDirectory = "NO"
      buildConfiguration = "Debug">
      <PathRunnable
         FilePath = "/Applications/Xcode.app">
      </PathRunnable>
   </LaunchAction>
</Scheme>
