// !$*UTF8*$!
{
	archiveVersion = 1;
	classes = {
	};
	objectVersion = 46;
	objects = {

/* Begin PBXAggregateTarget section */
		423E7FC81ACD4F0F00BFFC55 /* Cleanup */ = {
			isa = PBXAggregateTarget;
			buildConfigurationList = 423E7FC91ACD4F0F00BFFC55 /* Build configuration list for PBXAggregateTarget "Cleanup" */;
			buildPhases = (
				423E7FCC1ACD4F2400BFFC55 /* Cleanup */,
			);
			dependencies = (
			);
			name = Cleanup;
			productName = Cleanup;
		};
/* End PBXAggregateTarget section */

/* Begin PBXBuildFile section */
		421278DD1ACDEC5E0037B87A /* XCMoveSelectionHereAction.m in Sources */ = {isa = PBXBuildFile; fileRef = 421278DC1ACDEC5E0037B87A /* XCMoveSelectionHereAction.m */; };
		42135EA61ABC992A0092E97C /* XCActionBarConfiguration.m in Sources */ = {isa = PBXBuildFile; fileRef = 42135EA51ABC992A0092E97C /* XCActionBarConfiguration.m */; };
		4214C9A01ACDC33A009FA602 /* fontawesome-webfont.ttf in Resources */ = {isa = PBXBuildFile; fileRef = 4214C99F1ACDC33A009FA602 /* fontawesome-webfont.ttf */; };
		421D37081AB790D900FF8338 /* XCSurroundWithActions.plist in Resources */ = {isa = PBXBuildFile; fileRef = 421D37071AB790D900FF8338 /* XCSurroundWithActions.plist */; };
		421D370B1AB7982300FF8338 /* XCAddPrefixToLinesAction.m in Sources */ = {isa = PBXBuildFile; fileRef = 421D370A1AB7982300FF8338 /* XCAddPrefixToLinesAction.m */; };
		421D370E1AB7982F00FF8338 /* XCAddSuffixToLinesAction.m in Sources */ = {isa = PBXBuildFile; fileRef = 421D370D1AB7982F00FF8338 /* XCAddSuffixToLinesAction.m */; };
		4228E3E81AB1B7D100918EAA /* XCSearchResultCell.xib in Resources */ = {isa = PBXBuildFile; fileRef = 4228E3E71AB1B7D100918EAA /* XCSearchResultCell.xib */; };
		4228E3EB1AB1B82A00918EAA /* XCSearchResultCell.m in Sources */ = {isa = PBXBuildFile; fileRef = 4228E3EA1AB1B82A00918EAA /* XCSearchResultCell.m */; };
		422DB1BF1AB60134007D13F9 /* XCCodeSnippetProvider.m in Sources */ = {isa = PBXBuildFile; fileRef = 422DB1BE1AB60134007D13F9 /* XCCodeSnippetProvider.m */; };
		423986FB1AC0DEB300559D29 /* XCTextSelectionStorage.m in Sources */ = {isa = PBXBuildFile; fileRef = 423986FA1AC0DEB300559D29 /* XCTextSelectionStorage.m */; };
		424414271AD00EAC0018D02A /* XCExpandCodeSnippetAction.m in Sources */ = {isa = PBXBuildFile; fileRef = 424414261AD00EAC0018D02A /* XCExpandCodeSnippetAction.m */; };
		424504AA1ABC50150054DC61 /* XCCopyActiveDocumentPathAction.m in Sources */ = {isa = PBXBuildFile; fileRef = 424504A91ABC50150054DC61 /* XCCopyActiveDocumentPathAction.m */; };
		424504AD1ABC50940054DC61 /* XCOpenActiveDocumentPathInTerminalAction.m in Sources */ = {isa = PBXBuildFile; fileRef = 424504AC1ABC50940054DC61 /* XCOpenActiveDocumentPathInTerminalAction.m */; };
		4247AD821AD1BB08000C07B1 /* XCSplitSelectionIntoLinesAction.m in Sources */ = {isa = PBXBuildFile; fileRef = 4247AD811AD1BB08000C07B1 /* XCSplitSelectionIntoLinesAction.m */; };
		4249DCEF1AD9859B00855FE3 /* NSIndexSet+XCCircularIndexSet.m in Sources */ = {isa = PBXBuildFile; fileRef = 4249DCEE1AD9859B00855FE3 /* NSIndexSet+XCCircularIndexSet.m */; };
		4249DCF31AD98D1800855FE3 /* XCFindWithExpressionAction.m in Sources */ = {isa = PBXBuildFile; fileRef = 4249DCF21AD98D1800855FE3 /* XCFindWithExpressionAction.m */; };
		425500ED1ABC594D0029C533 /* XCCopyActiveDocumentDirectoryAction.m in Sources */ = {isa = PBXBuildFile; fileRef = 425500EC1ABC594D0029C533 /* XCCopyActiveDocumentDirectoryAction.m */; };
		4264951E1AD1BE90007C69F1 /* XCJoinLinesAction.m in Sources */ = {isa = PBXBuildFile; fileRef = 4264951D1AD1BE90007C69F1 /* XCJoinLinesAction.m */; };
		426782E91ABA33C8006F4E53 /* XCHotKeyListener.m in Sources */ = {isa = PBXBuildFile; fileRef = 426782E81ABA33C8006F4E53 /* XCHotKeyListener.m */; };
		426782EB1ABA37E8006F4E53 /* XCActionBarConfiguration.plist in Resources */ = {isa = PBXBuildFile; fileRef = 426782EA1ABA37E8006F4E53 /* XCActionBarConfiguration.plist */; };
		426C325A1AB9A121005EFD11 /* XCSurroundWithSnippetAction.m in Sources */ = {isa = PBXBuildFile; fileRef = 426C32591AB9A121005EFD11 /* XCSurroundWithSnippetAction.m */; };
		4270B2B51AC6E1F8004AF618 /* XCAddSuffixToTextAction.m in Sources */ = {isa = PBXBuildFile; fileRef = 4270B2B41AC6E1F8004AF618 /* XCAddSuffixToTextAction.m */; };
		4275F5C31AD2F59D005F3032 /* XCSearchMatchEntry.m in Sources */ = {isa = PBXBuildFile; fileRef = 4275F5C21AD2F59D005F3032 /* XCSearchMatchEntry.m */; };
		4275F5C61AD2F6D5005F3032 /* XCPartialMatchSearchStrategy.m in Sources */ = {isa = PBXBuildFile; fileRef = 4275F5C51AD2F6D5005F3032 /* XCPartialMatchSearchStrategy.m */; };
		4275F5D31AD32832005F3032 /* XCFuzzySearchStrategy.m in Sources */ = {isa = PBXBuildFile; fileRef = 4275F5D21AD32832005F3032 /* XCFuzzySearchStrategy.m */; };
		4275F5DB1AD328F3005F3032 /* NSString_Purification.m in Sources */ = {isa = PBXBuildFile; fileRef = 4275F5D61AD328F3005F3032 /* NSString_Purification.m */; };
		4275F5DC1AD328F3005F3032 /* QSense.m in Sources */ = {isa = PBXBuildFile; fileRef = 4275F5D81AD328F3005F3032 /* QSense.m */; };
		4275F5DD1AD328F3005F3032 /* QSStringRanker.m in Sources */ = {isa = PBXBuildFile; fileRef = 4275F5DA1AD328F3005F3032 /* QSStringRanker.m */; };
		427F93371AC6DFC30003D0F8 /* XCAddPrefixToTextAction.m in Sources */ = {isa = PBXBuildFile; fileRef = 427F93361AC6DFC30003D0F8 /* XCAddPrefixToTextAction.m */; };
		42807D3F1AB0708A007988F3 /* XCUtils.m in Sources */ = {isa = PBXBuildFile; fileRef = 42807D3E1AB0708A007988F3 /* XCUtils.m */; };
		42807D421AB07D4B007988F3 /* XCInputValidation.m in Sources */ = {isa = PBXBuildFile; fileRef = 42807D411AB07D4B007988F3 /* XCInputValidation.m */; };
		4284ADC91ABC26E400531C48 /* XCTrimWhitespaceAction.m in Sources */ = {isa = PBXBuildFile; fileRef = 4284ADC81ABC26E400531C48 /* XCTrimWhitespaceAction.m */; };
		428672591ABC168C001BA586 /* XCDeleteBlankLinesAction.m in Sources */ = {isa = PBXBuildFile; fileRef = 428672581ABC168C001BA586 /* XCDeleteBlankLinesAction.m */; };
		429086531AB92AE800EC3F78 /* XCSurroundLineWithAction.m in Sources */ = {isa = PBXBuildFile; fileRef = 429086521AB92AE800EC3F78 /* XCSurroundLineWithAction.m */; };
		429745501AC85AEF00E1875D /* XCActionBarSearchStateController.m in Sources */ = {isa = PBXBuildFile; fileRef = 4297454F1AC85AEF00E1875D /* XCActionBarSearchStateController.m */; };
		429745531AC85B0000E1875D /* XCActionBarArgumentInputStateController.m in Sources */ = {isa = PBXBuildFile; fileRef = 429745521AC85B0000E1875D /* XCActionBarArgumentInputStateController.m */; };
		42A360BC1AC05FC00027B223 /* XCTextSnippetHelper.m in Sources */ = {isa = PBXBuildFile; fileRef = 42A360BB1AC05FC00027B223 /* XCTextSnippetHelper.m */; };
		42A647241AB0B666003803AE /* XCActionIndex.m in Sources */ = {isa = PBXBuildFile; fileRef = 42A647231AB0B666003803AE /* XCActionIndex.m */; };
		42A71F181AB710EB008B5B92 /* XCCustomActionProvider.m in Sources */ = {isa = PBXBuildFile; fileRef = 42A71F171AB710EB008B5B92 /* XCCustomActionProvider.m */; };
		42A71F1C1AB71323008B5B92 /* XCCustomAction.m in Sources */ = {isa = PBXBuildFile; fileRef = 42A71F1B1AB71323008B5B92 /* XCCustomAction.m */; };
		42A71F1F1AB714AE008B5B92 /* XCSortSelectionAction.m in Sources */ = {isa = PBXBuildFile; fileRef = 42A71F1E1AB714AE008B5B92 /* XCSortSelectionAction.m */; };
		42A71F221AB714C2008B5B92 /* XCSortContentsAction.m in Sources */ = {isa = PBXBuildFile; fileRef = 42A71F211AB714C2008B5B92 /* XCSortContentsAction.m */; };
		42A71F251AB714E4008B5B92 /* XCSurroundWithAction.m in Sources */ = {isa = PBXBuildFile; fileRef = 42A71F241AB714E4008B5B92 /* XCSurroundWithAction.m */; };
		42BB07451AB6F82100F42EAE /* XCIDEHelper.m in Sources */ = {isa = PBXBuildFile; fileRef = 42BB07441AB6F82100F42EAE /* XCIDEHelper.m */; };
		42BB07481AB6FBBD00F42EAE /* XCIDEContext.m in Sources */ = {isa = PBXBuildFile; fileRef = 42BB07471AB6FBBD00F42EAE /* XCIDEContext.m */; };
		42BD03481AB0880200FB7C07 /* XCActionBarWindowController.xib in Resources */ = {isa = PBXBuildFile; fileRef = 42BD03401AB0880200FB7C07 /* XCActionBarWindowController.xib */; };
		42BD03491AB0880200FB7C07 /* XCActionBarWindowController.m in Sources */ = {isa = PBXBuildFile; fileRef = 42BD03421AB0880200FB7C07 /* XCActionBarWindowController.m */; };
		42C1AD4B1AAF3E7F00248A8D /* AppKit.framework in Frameworks */ = {isa = PBXBuildFile; fileRef = 42C1AD4A1AAF3E7F00248A8D /* AppKit.framework */; };
		42C1AD4D1AAF3E7F00248A8D /* Foundation.framework in Frameworks */ = {isa = PBXBuildFile; fileRef = 42C1AD4C1AAF3E7F00248A8D /* Foundation.framework */; };
		42C1AD551AAF3E7F00248A8D /* XCActionBar.m in Sources */ = {isa = PBXBuildFile; fileRef = 42C1AD541AAF3E7F00248A8D /* XCActionBar.m */; };
		42C1AD7B1AAF3EC000248A8D /* XcodeActionBrowserSimulatorTests.m in Sources */ = {isa = PBXBuildFile; fileRef = 42C1AD7A1AAF3EC000248A8D /* XcodeActionBrowserSimulatorTests.m */; };
		42C1AD861AAF534200248A8D /* XCNSMenuActionProvider.m in Sources */ = {isa = PBXBuildFile; fileRef = 42C1AD851AAF534200248A8D /* XCNSMenuActionProvider.m */; };
		42C1AD8C1AAF5F2000248A8D /* XCBlockAction.m in Sources */ = {isa = PBXBuildFile; fileRef = 42C1AD8B1AAF5F2000248A8D /* XCBlockAction.m */; };
		42C1AD901AAF614500248A8D /* XCConstants.m in Sources */ = {isa = PBXBuildFile; fileRef = 42C1AD8F1AAF614500248A8D /* XCConstants.m */; };
		42C1AD931AAF632700248A8D /* XCWorkspaceUnitTestsActionProvider.m in Sources */ = {isa = PBXBuildFile; fileRef = 42C1AD921AAF632700248A8D /* XCWorkspaceUnitTestsActionProvider.m */; };
		42CB73AC1AD6D61900082DCB /* XCActionPreset.m in Sources */ = {isa = PBXBuildFile; fileRef = 42CB73AB1AD6D61900082DCB /* XCActionPreset.m */; };
		42CB73AF1AD6D96800082DCB /* XCActionBarSearchDataSource.m in Sources */ = {isa = PBXBuildFile; fileRef = 42CB73AE1AD6D96800082DCB /* XCActionBarSearchDataSource.m */; };
		42CB73B21AD6D97500082DCB /* XCActionBarPresetDataSource.m in Sources */ = {isa = PBXBuildFile; fileRef = 42CB73B11AD6D97500082DCB /* XCActionBarPresetDataSource.m */; };
		42CEA4EB1AB0ADDA006973B7 /* XCSearchService.m in Sources */ = {isa = PBXBuildFile; fileRef = 42CEA4EA1AB0ADDA006973B7 /* XCSearchService.m */; };
		42F3E2931AC1C48100D69E43 /* XCColumnSelectionModeAction.m in Sources */ = {isa = PBXBuildFile; fileRef = 42F3E2921AC1C48100D69E43 /* XCColumnSelectionModeAction.m */; };
		42F7294B1AC0C98800B99B7C /* XCSaveTextSelectionAction.m in Sources */ = {isa = PBXBuildFile; fileRef = 42F7294A1AC0C98800B99B7C /* XCSaveTextSelectionAction.m */; };
		42F815581AC56F980028A004 /* XCReplaceSelectionAction.m in Sources */ = {isa = PBXBuildFile; fileRef = 42F815571AC56F980028A004 /* XCReplaceSelectionAction.m */; };
		42FA5BC81AB82F79007F24B8 /* XCDuplicateLineAction.m in Sources */ = {isa = PBXBuildFile; fileRef = 42FA5BC71AB82F79007F24B8 /* XCDuplicateLineAction.m */; };
		42FA5BCB1AB82F84007F24B8 /* XCDeleteLineAction.m in Sources */ = {isa = PBXBuildFile; fileRef = 42FA5BCA1AB82F84007F24B8 /* XCDeleteLineAction.m */; };
		42FCAABE1AD7F9DD0036E561 /* XCActionBarPresetStateController.m in Sources */ = {isa = PBXBuildFile; fileRef = 42FCAABD1AD7F9DD0036E561 /* XCActionBarPresetStateController.m */; };
		42FD3C0F1AB0ABE900F0A442 /* XCRoundCornerWindow.m in Sources */ = {isa = PBXBuildFile; fileRef = 42FD3C0E1AB0ABE900F0A442 /* XCRoundCornerWindow.m */; };
		42FE83C11AD4884E00F27F05 /* XCGUIDGeneratorAction.m in Sources */ = {isa = PBXBuildFile; fileRef = 42FE83C01AD4884E00F27F05 /* XCGUIDGeneratorAction.m */; };
/* End PBXBuildFile section */

/* Begin PBXContainerItemProxy section */
		423E7FCD1ACD4F7700BFFC55 /* PBXContainerItemProxy */ = {
			isa = PBXContainerItemProxy;
			containerPortal = 42C1AD3F1AAF3E7F00248A8D /* Project object */;
			proxyType = 1;
			remoteGlobalIDString = 423E7FC81ACD4F0F00BFFC55;
			remoteInfo = Cleanup;
		};
/* End PBXContainerItemProxy section */

/* Begin PBXFileReference section */
		42066D251AB3284800131861 /* IDETestManager.h */ = {isa = PBXFileReference; fileEncoding = 4; lastKnownFileType = sourcecode.c.h; path = IDETestManager.h; sourceTree = "<group>"; };
		42066D291AB32F5300131861 /* _IDEOCUnitTestRecord.h */ = {isa = PBXFileReference; fileEncoding = 4; lastKnownFileType = sourcecode.c.h; path = _IDEOCUnitTestRecord.h; sourceTree = "<group>"; };
		421278DB1ACDEC5E0037B87A /* XCMoveSelectionHereAction.h */ = {isa = PBXFileReference; fileEncoding = 4; lastKnownFileType = sourcecode.c.h; path = XCMoveSelectionHereAction.h; sourceTree = "<group>"; };
		421278DC1ACDEC5E0037B87A /* XCMoveSelectionHereAction.m */ = {isa = PBXFileReference; fileEncoding = 4; lastKnownFileType = sourcecode.c.objc; path = XCMoveSelectionHereAction.m; sourceTree = "<group>"; };
		42135EA41ABC992A0092E97C /* XCActionBarConfiguration.h */ = {isa = PBXFileReference; fileEncoding = 4; lastKnownFileType = sourcecode.c.h; path = XCActionBarConfiguration.h; sourceTree = "<group>"; };
		42135EA51ABC992A0092E97C /* XCActionBarConfiguration.m */ = {isa = PBXFileReference; fileEncoding = 4; lastKnownFileType = sourcecode.c.objc; path = XCActionBarConfiguration.m; sourceTree = "<group>"; };
		4214C99F1ACDC33A009FA602 /* fontawesome-webfont.ttf */ = {isa = PBXFileReference; lastKnownFileType = file; path = "fontawesome-webfont.ttf"; sourceTree = "<group>"; };
		421D37071AB790D900FF8338 /* XCSurroundWithActions.plist */ = {isa = PBXFileReference; fileEncoding = 4; lastKnownFileType = text.plist.xml; path = XCSurroundWithActions.plist; sourceTree = "<group>"; };
		421D37091AB7982300FF8338 /* XCAddPrefixToLinesAction.h */ = {isa = PBXFileReference; fileEncoding = 4; lastKnownFileType = sourcecode.c.h; lineEnding = 0; path = XCAddPrefixToLinesAction.h; sourceTree = "<group>"; xcLanguageSpecificationIdentifier = xcode.lang.objcpp; };
		421D370A1AB7982300FF8338 /* XCAddPrefixToLinesAction.m */ = {isa = PBXFileReference; fileEncoding = 4; lastKnownFileType = sourcecode.c.objc; path = XCAddPrefixToLinesAction.m; sourceTree = "<group>"; };
		421D370C1AB7982F00FF8338 /* XCAddSuffixToLinesAction.h */ = {isa = PBXFileReference; fileEncoding = 4; lastKnownFileType = sourcecode.c.h; path = XCAddSuffixToLinesAction.h; sourceTree = "<group>"; };
		421D370D1AB7982F00FF8338 /* XCAddSuffixToLinesAction.m */ = {isa = PBXFileReference; fileEncoding = 4; lastKnownFileType = sourcecode.c.objc; path = XCAddSuffixToLinesAction.m; sourceTree = "<group>"; };
		421E21561AB3214B000893ED /* IDEIndex.h */ = {isa = PBXFileReference; fileEncoding = 4; lastKnownFileType = sourcecode.c.h; path = IDEIndex.h; sourceTree = "<group>"; };
		421E21571AB32164000893ED /* IDEWorkspace.h */ = {isa = PBXFileReference; fileEncoding = 4; lastKnownFileType = sourcecode.c.h; path = IDEWorkspace.h; sourceTree = "<group>"; };
		421E21581AB321BB000893ED /* IDETest.h */ = {isa = PBXFileReference; fileEncoding = 4; lastKnownFileType = sourcecode.c.h; path = IDETest.h; sourceTree = "<group>"; };
		421E21591AB321BB000893ED /* IDETestable-Protocol.h */ = {isa = PBXFileReference; fileEncoding = 4; lastKnownFileType = sourcecode.c.h; path = "IDETestable-Protocol.h"; sourceTree = "<group>"; };
		421E215A1AB321C5000893ED /* IDETest-IDETestNavigatorAdditions.h */ = {isa = PBXFileReference; fileEncoding = 4; lastKnownFileType = sourcecode.c.h; path = "IDETest-IDETestNavigatorAdditions.h"; sourceTree = "<group>"; };
		421E215B1AB321DC000893ED /* _IDETestableState.h */ = {isa = PBXFileReference; fileEncoding = 4; lastKnownFileType = sourcecode.c.h; path = _IDETestableState.h; sourceTree = "<group>"; };
		421F53561AB9CFF600509103 /* XCSearchStrategy.h */ = {isa = PBXFileReference; fileEncoding = 4; lastKnownFileType = sourcecode.c.h; path = XCSearchStrategy.h; sourceTree = "<group>"; };
		422781921AB05883003CDD79 /* XCActionBar-Prefix.pch */ = {isa = PBXFileReference; lastKnownFileType = sourcecode.c.h; lineEnding = 0; path = "XCActionBar-Prefix.pch"; sourceTree = "<group>"; xcLanguageSpecificationIdentifier = xcode.lang.objc; };
		4228E3E71AB1B7D100918EAA /* XCSearchResultCell.xib */ = {isa = PBXFileReference; fileEncoding = 4; lastKnownFileType = file.xib; path = XCSearchResultCell.xib; sourceTree = "<group>"; };
		4228E3E91AB1B82A00918EAA /* XCSearchResultCell.h */ = {isa = PBXFileReference; fileEncoding = 4; lastKnownFileType = sourcecode.c.h; lineEnding = 0; path = XCSearchResultCell.h; sourceTree = "<group>"; xcLanguageSpecificationIdentifier = xcode.lang.objcpp; };
		4228E3EA1AB1B82A00918EAA /* XCSearchResultCell.m */ = {isa = PBXFileReference; fileEncoding = 4; lastKnownFileType = sourcecode.c.objc; lineEnding = 0; path = XCSearchResultCell.m; sourceTree = "<group>"; xcLanguageSpecificationIdentifier = xcode.lang.objc; };
		422DB1BA1AB5FAF5007D13F9 /* IDECodeSnippet.h */ = {isa = PBXFileReference; fileEncoding = 4; lastKnownFileType = sourcecode.c.h; path = IDECodeSnippet.h; sourceTree = "<group>"; };
		422DB1BC1AB5FB2D007D13F9 /* IDECodeSnippetRepository.h */ = {isa = PBXFileReference; fileEncoding = 4; lastKnownFileType = sourcecode.c.h; path = IDECodeSnippetRepository.h; sourceTree = "<group>"; };
		422DB1BD1AB60134007D13F9 /* XCCodeSnippetProvider.h */ = {isa = PBXFileReference; fileEncoding = 4; lastKnownFileType = sourcecode.c.h; path = XCCodeSnippetProvider.h; sourceTree = "<group>"; };
		422DB1BE1AB60134007D13F9 /* XCCodeSnippetProvider.m */ = {isa = PBXFileReference; fileEncoding = 4; lastKnownFileType = sourcecode.c.objc; lineEnding = 0; path = XCCodeSnippetProvider.m; sourceTree = "<group>"; xcLanguageSpecificationIdentifier = xcode.lang.objc; };
		423986F91AC0DEB300559D29 /* XCTextSelectionStorage.h */ = {isa = PBXFileReference; fileEncoding = 4; lastKnownFileType = sourcecode.c.h; path = XCTextSelectionStorage.h; sourceTree = "<group>"; };
		423986FA1AC0DEB300559D29 /* XCTextSelectionStorage.m */ = {isa = PBXFileReference; fileEncoding = 4; lastKnownFileType = sourcecode.c.objc; path = XCTextSelectionStorage.m; sourceTree = "<group>"; };
		424414251AD00EAC0018D02A /* XCExpandCodeSnippetAction.h */ = {isa = PBXFileReference; fileEncoding = 4; lastKnownFileType = sourcecode.c.h; path = XCExpandCodeSnippetAction.h; sourceTree = "<group>"; };
		424414261AD00EAC0018D02A /* XCExpandCodeSnippetAction.m */ = {isa = PBXFileReference; fileEncoding = 4; lastKnownFileType = sourcecode.c.objc; path = XCExpandCodeSnippetAction.m; sourceTree = "<group>"; };
		424504A81ABC50150054DC61 /* XCCopyActiveDocumentPathAction.h */ = {isa = PBXFileReference; fileEncoding = 4; lastKnownFileType = sourcecode.c.h; path = XCCopyActiveDocumentPathAction.h; sourceTree = "<group>"; };
		424504A91ABC50150054DC61 /* XCCopyActiveDocumentPathAction.m */ = {isa = PBXFileReference; fileEncoding = 4; lastKnownFileType = sourcecode.c.objc; path = XCCopyActiveDocumentPathAction.m; sourceTree = "<group>"; };
		424504AB1ABC50940054DC61 /* XCOpenActiveDocumentPathInTerminalAction.h */ = {isa = PBXFileReference; fileEncoding = 4; lastKnownFileType = sourcecode.c.h; path = XCOpenActiveDocumentPathInTerminalAction.h; sourceTree = "<group>"; };
		424504AC1ABC50940054DC61 /* XCOpenActiveDocumentPathInTerminalAction.m */ = {isa = PBXFileReference; fileEncoding = 4; lastKnownFileType = sourcecode.c.objc; path = XCOpenActiveDocumentPathInTerminalAction.m; sourceTree = "<group>"; };
		4247AD801AD1BB08000C07B1 /* XCSplitSelectionIntoLinesAction.h */ = {isa = PBXFileReference; fileEncoding = 4; lastKnownFileType = sourcecode.c.h; path = XCSplitSelectionIntoLinesAction.h; sourceTree = "<group>"; };
		4247AD811AD1BB08000C07B1 /* XCSplitSelectionIntoLinesAction.m */ = {isa = PBXFileReference; fileEncoding = 4; lastKnownFileType = sourcecode.c.objc; path = XCSplitSelectionIntoLinesAction.m; sourceTree = "<group>"; };
		4249DCED1AD9859B00855FE3 /* NSIndexSet+XCCircularIndexSet.h */ = {isa = PBXFileReference; fileEncoding = 4; lastKnownFileType = sourcecode.c.h; path = "NSIndexSet+XCCircularIndexSet.h"; sourceTree = "<group>"; };
		4249DCEE1AD9859B00855FE3 /* NSIndexSet+XCCircularIndexSet.m */ = {isa = PBXFileReference; fileEncoding = 4; lastKnownFileType = sourcecode.c.objc; path = "NSIndexSet+XCCircularIndexSet.m"; sourceTree = "<group>"; };
		4249DCF11AD98D1800855FE3 /* XCFindWithExpressionAction.h */ = {isa = PBXFileReference; fileEncoding = 4; lastKnownFileType = sourcecode.c.h; path = XCFindWithExpressionAction.h; sourceTree = "<group>"; };
		4249DCF21AD98D1800855FE3 /* XCFindWithExpressionAction.m */ = {isa = PBXFileReference; fileEncoding = 4; lastKnownFileType = sourcecode.c.objc; path = XCFindWithExpressionAction.m; sourceTree = "<group>"; };
		425500EB1ABC594D0029C533 /* XCCopyActiveDocumentDirectoryAction.h */ = {isa = PBXFileReference; fileEncoding = 4; lastKnownFileType = sourcecode.c.h; path = XCCopyActiveDocumentDirectoryAction.h; sourceTree = "<group>"; };
		425500EC1ABC594D0029C533 /* XCCopyActiveDocumentDirectoryAction.m */ = {isa = PBXFileReference; fileEncoding = 4; lastKnownFileType = sourcecode.c.objc; path = XCCopyActiveDocumentDirectoryAction.m; sourceTree = "<group>"; };
		425C2DA01AB33B3600143A65 /* IDETestContainer-Protocol.h */ = {isa = PBXFileReference; fileEncoding = 4; lastKnownFileType = sourcecode.c.h; path = "IDETestContainer-Protocol.h"; sourceTree = "<group>"; };
		425D65C01AB3633700140766 /* DVTFilePath.h */ = {isa = PBXFileReference; lastKnownFileType = sourcecode.c.h; path = DVTFilePath.h; sourceTree = "<group>"; };
		4264951C1AD1BE90007C69F1 /* XCJoinLinesAction.h */ = {isa = PBXFileReference; fileEncoding = 4; lastKnownFileType = sourcecode.c.h; path = XCJoinLinesAction.h; sourceTree = "<group>"; };
		4264951D1AD1BE90007C69F1 /* XCJoinLinesAction.m */ = {isa = PBXFileReference; fileEncoding = 4; lastKnownFileType = sourcecode.c.objc; path = XCJoinLinesAction.m; sourceTree = "<group>"; };
		426782E71ABA33C8006F4E53 /* XCHotKeyListener.h */ = {isa = PBXFileReference; fileEncoding = 4; lastKnownFileType = sourcecode.c.h; path = XCHotKeyListener.h; sourceTree = "<group>"; };
		426782E81ABA33C8006F4E53 /* XCHotKeyListener.m */ = {isa = PBXFileReference; fileEncoding = 4; lastKnownFileType = sourcecode.c.objc; lineEnding = 0; path = XCHotKeyListener.m; sourceTree = "<group>"; xcLanguageSpecificationIdentifier = xcode.lang.objc; };
		426782EA1ABA37E8006F4E53 /* XCActionBarConfiguration.plist */ = {isa = PBXFileReference; fileEncoding = 4; lastKnownFileType = text.plist.xml; path = XCActionBarConfiguration.plist; sourceTree = "<group>"; };
		426C32581AB9A121005EFD11 /* XCSurroundWithSnippetAction.h */ = {isa = PBXFileReference; fileEncoding = 4; lastKnownFileType = sourcecode.c.h; path = XCSurroundWithSnippetAction.h; sourceTree = "<group>"; };
		426C32591AB9A121005EFD11 /* XCSurroundWithSnippetAction.m */ = {isa = PBXFileReference; fileEncoding = 4; lastKnownFileType = sourcecode.c.objc; path = XCSurroundWithSnippetAction.m; sourceTree = "<group>"; };
		4270B2B31AC6E1F8004AF618 /* XCAddSuffixToTextAction.h */ = {isa = PBXFileReference; fileEncoding = 4; lastKnownFileType = sourcecode.c.h; path = XCAddSuffixToTextAction.h; sourceTree = "<group>"; };
		4270B2B41AC6E1F8004AF618 /* XCAddSuffixToTextAction.m */ = {isa = PBXFileReference; fileEncoding = 4; lastKnownFileType = sourcecode.c.objc; path = XCAddSuffixToTextAction.m; sourceTree = "<group>"; };
		4275F5C11AD2F59D005F3032 /* XCSearchMatchEntry.h */ = {isa = PBXFileReference; fileEncoding = 4; lastKnownFileType = sourcecode.c.h; path = XCSearchMatchEntry.h; sourceTree = "<group>"; };
		4275F5C21AD2F59D005F3032 /* XCSearchMatchEntry.m */ = {isa = PBXFileReference; fileEncoding = 4; lastKnownFileType = sourcecode.c.objc; path = XCSearchMatchEntry.m; sourceTree = "<group>"; };
		4275F5C41AD2F6D5005F3032 /* XCPartialMatchSearchStrategy.h */ = {isa = PBXFileReference; fileEncoding = 4; lastKnownFileType = sourcecode.c.h; path = XCPartialMatchSearchStrategy.h; sourceTree = "<group>"; };
		4275F5C51AD2F6D5005F3032 /* XCPartialMatchSearchStrategy.m */ = {isa = PBXFileReference; fileEncoding = 4; lastKnownFileType = sourcecode.c.objc; path = XCPartialMatchSearchStrategy.m; sourceTree = "<group>"; };
		4275F5D11AD32832005F3032 /* XCFuzzySearchStrategy.h */ = {isa = PBXFileReference; fileEncoding = 4; lastKnownFileType = sourcecode.c.h; path = XCFuzzySearchStrategy.h; sourceTree = "<group>"; };
		4275F5D21AD32832005F3032 /* XCFuzzySearchStrategy.m */ = {isa = PBXFileReference; fileEncoding = 4; lastKnownFileType = sourcecode.c.objc; path = XCFuzzySearchStrategy.m; sourceTree = "<group>"; };
		4275F5D51AD328F3005F3032 /* NSString_Purification.h */ = {isa = PBXFileReference; fileEncoding = 4; lastKnownFileType = sourcecode.c.h; path = NSString_Purification.h; sourceTree = "<group>"; };
		4275F5D61AD328F3005F3032 /* NSString_Purification.m */ = {isa = PBXFileReference; fileEncoding = 4; lastKnownFileType = sourcecode.c.objc; path = NSString_Purification.m; sourceTree = "<group>"; };
		4275F5D71AD328F3005F3032 /* QSense.h */ = {isa = PBXFileReference; fileEncoding = 4; lastKnownFileType = sourcecode.c.h; path = QSense.h; sourceTree = "<group>"; };
		4275F5D81AD328F3005F3032 /* QSense.m */ = {isa = PBXFileReference; fileEncoding = 4; lastKnownFileType = sourcecode.c.objc; path = QSense.m; sourceTree = "<group>"; };
		4275F5D91AD328F3005F3032 /* QSStringRanker.h */ = {isa = PBXFileReference; fileEncoding = 4; lastKnownFileType = sourcecode.c.h; path = QSStringRanker.h; sourceTree = "<group>"; };
		4275F5DA1AD328F3005F3032 /* QSStringRanker.m */ = {isa = PBXFileReference; fileEncoding = 4; lastKnownFileType = sourcecode.c.objc; path = QSStringRanker.m; sourceTree = "<group>"; };
		427F93351AC6DFC30003D0F8 /* XCAddPrefixToTextAction.h */ = {isa = PBXFileReference; fileEncoding = 4; lastKnownFileType = sourcecode.c.h; path = XCAddPrefixToTextAction.h; sourceTree = "<group>"; };
		427F93361AC6DFC30003D0F8 /* XCAddPrefixToTextAction.m */ = {isa = PBXFileReference; fileEncoding = 4; lastKnownFileType = sourcecode.c.objc; path = XCAddPrefixToTextAction.m; sourceTree = "<group>"; };
		42807D3D1AB0708A007988F3 /* XCUtils.h */ = {isa = PBXFileReference; fileEncoding = 4; lastKnownFileType = sourcecode.c.h; path = XCUtils.h; sourceTree = "<group>"; };
		42807D3E1AB0708A007988F3 /* XCUtils.m */ = {isa = PBXFileReference; fileEncoding = 4; lastKnownFileType = sourcecode.c.objc; path = XCUtils.m; sourceTree = "<group>"; };
		42807D401AB07D4B007988F3 /* XCInputValidation.h */ = {isa = PBXFileReference; fileEncoding = 4; lastKnownFileType = sourcecode.c.h; path = XCInputValidation.h; sourceTree = "<group>"; };
		42807D411AB07D4B007988F3 /* XCInputValidation.m */ = {isa = PBXFileReference; fileEncoding = 4; lastKnownFileType = sourcecode.c.objc; path = XCInputValidation.m; sourceTree = "<group>"; };
		4284ADC71ABC26E400531C48 /* XCTrimWhitespaceAction.h */ = {isa = PBXFileReference; fileEncoding = 4; lastKnownFileType = sourcecode.c.h; path = XCTrimWhitespaceAction.h; sourceTree = "<group>"; };
		4284ADC81ABC26E400531C48 /* XCTrimWhitespaceAction.m */ = {isa = PBXFileReference; fileEncoding = 4; lastKnownFileType = sourcecode.c.objc; path = XCTrimWhitespaceAction.m; sourceTree = "<group>"; };
		428672571ABC168C001BA586 /* XCDeleteBlankLinesAction.h */ = {isa = PBXFileReference; fileEncoding = 4; lastKnownFileType = sourcecode.c.h; path = XCDeleteBlankLinesAction.h; sourceTree = "<group>"; };
		428672581ABC168C001BA586 /* XCDeleteBlankLinesAction.m */ = {isa = PBXFileReference; fileEncoding = 4; lastKnownFileType = sourcecode.c.objc; path = XCDeleteBlankLinesAction.m; sourceTree = "<group>"; };
		4286725A1ABC18AF001BA586 /* XCActions.h */ = {isa = PBXFileReference; fileEncoding = 4; lastKnownFileType = sourcecode.c.h; path = XCActions.h; sourceTree = "<group>"; };
		428A1D051ACD99B100032F4A /* XCActionBarCommandProcessor.h */ = {isa = PBXFileReference; fileEncoding = 4; lastKnownFileType = sourcecode.c.h; path = XCActionBarCommandProcessor.h; sourceTree = "<group>"; };
		429086511AB92AE800EC3F78 /* XCSurroundLineWithAction.h */ = {isa = PBXFileReference; fileEncoding = 4; lastKnownFileType = sourcecode.c.h; path = XCSurroundLineWithAction.h; sourceTree = "<group>"; };
		429086521AB92AE800EC3F78 /* XCSurroundLineWithAction.m */ = {isa = PBXFileReference; fileEncoding = 4; lastKnownFileType = sourcecode.c.objc; path = XCSurroundLineWithAction.m; sourceTree = "<group>"; };
		4297454E1AC85AEF00E1875D /* XCActionBarSearchStateController.h */ = {isa = PBXFileReference; fileEncoding = 4; lastKnownFileType = sourcecode.c.h; path = XCActionBarSearchStateController.h; sourceTree = "<group>"; };
		4297454F1AC85AEF00E1875D /* XCActionBarSearchStateController.m */ = {isa = PBXFileReference; fileEncoding = 4; lastKnownFileType = sourcecode.c.objc; path = XCActionBarSearchStateController.m; sourceTree = "<group>"; };
		429745511AC85B0000E1875D /* XCActionBarArgumentInputStateController.h */ = {isa = PBXFileReference; fileEncoding = 4; lastKnownFileType = sourcecode.c.h; path = XCActionBarArgumentInputStateController.h; sourceTree = "<group>"; };
		429745521AC85B0000E1875D /* XCActionBarArgumentInputStateController.m */ = {isa = PBXFileReference; fileEncoding = 4; lastKnownFileType = sourcecode.c.objc; path = XCActionBarArgumentInputStateController.m; sourceTree = "<group>"; };
		429745541AC85B7600E1875D /* XCActionBarCommandHandler.h */ = {isa = PBXFileReference; fileEncoding = 4; lastKnownFileType = sourcecode.c.h; path = XCActionBarCommandHandler.h; sourceTree = "<group>"; };
		42A360BA1AC05FC00027B223 /* XCTextSnippetHelper.h */ = {isa = PBXFileReference; fileEncoding = 4; lastKnownFileType = sourcecode.c.h; path = XCTextSnippetHelper.h; sourceTree = "<group>"; };
		42A360BB1AC05FC00027B223 /* XCTextSnippetHelper.m */ = {isa = PBXFileReference; fileEncoding = 4; lastKnownFileType = sourcecode.c.objc; path = XCTextSnippetHelper.m; sourceTree = "<group>"; };
		42A647221AB0B666003803AE /* XCActionIndex.h */ = {isa = PBXFileReference; fileEncoding = 4; lastKnownFileType = sourcecode.c.h; lineEnding = 0; path = XCActionIndex.h; sourceTree = "<group>"; xcLanguageSpecificationIdentifier = xcode.lang.objcpp; };
		42A647231AB0B666003803AE /* XCActionIndex.m */ = {isa = PBXFileReference; fileEncoding = 4; lastKnownFileType = sourcecode.c.objc; lineEnding = 0; path = XCActionIndex.m; sourceTree = "<group>"; xcLanguageSpecificationIdentifier = xcode.lang.objc; };
		42A71F161AB710EB008B5B92 /* XCCustomActionProvider.h */ = {isa = PBXFileReference; fileEncoding = 4; lastKnownFileType = sourcecode.c.h; path = XCCustomActionProvider.h; sourceTree = "<group>"; };
		42A71F171AB710EB008B5B92 /* XCCustomActionProvider.m */ = {isa = PBXFileReference; fileEncoding = 4; lastKnownFileType = sourcecode.c.objc; path = XCCustomActionProvider.m; sourceTree = "<group>"; };
		42A71F1A1AB71323008B5B92 /* XCCustomAction.h */ = {isa = PBXFileReference; fileEncoding = 4; lastKnownFileType = sourcecode.c.h; path = XCCustomAction.h; sourceTree = "<group>"; };
		42A71F1B1AB71323008B5B92 /* XCCustomAction.m */ = {isa = PBXFileReference; fileEncoding = 4; lastKnownFileType = sourcecode.c.objc; path = XCCustomAction.m; sourceTree = "<group>"; };
		42A71F1D1AB714AE008B5B92 /* XCSortSelectionAction.h */ = {isa = PBXFileReference; fileEncoding = 4; lastKnownFileType = sourcecode.c.h; path = XCSortSelectionAction.h; sourceTree = "<group>"; };
		42A71F1E1AB714AE008B5B92 /* XCSortSelectionAction.m */ = {isa = PBXFileReference; fileEncoding = 4; lastKnownFileType = sourcecode.c.objc; path = XCSortSelectionAction.m; sourceTree = "<group>"; };
		42A71F201AB714C2008B5B92 /* XCSortContentsAction.h */ = {isa = PBXFileReference; fileEncoding = 4; lastKnownFileType = sourcecode.c.h; path = XCSortContentsAction.h; sourceTree = "<group>"; };
		42A71F211AB714C2008B5B92 /* XCSortContentsAction.m */ = {isa = PBXFileReference; fileEncoding = 4; lastKnownFileType = sourcecode.c.objc; path = XCSortContentsAction.m; sourceTree = "<group>"; };
		42A71F231AB714E4008B5B92 /* XCSurroundWithAction.h */ = {isa = PBXFileReference; fileEncoding = 4; lastKnownFileType = sourcecode.c.h; path = XCSurroundWithAction.h; sourceTree = "<group>"; };
		42A71F241AB714E4008B5B92 /* XCSurroundWithAction.m */ = {isa = PBXFileReference; fileEncoding = 4; lastKnownFileType = sourcecode.c.objc; path = XCSurroundWithAction.m; sourceTree = "<group>"; };
		42BB07431AB6F82100F42EAE /* XCIDEHelper.h */ = {isa = PBXFileReference; fileEncoding = 4; lastKnownFileType = sourcecode.c.h; path = XCIDEHelper.h; sourceTree = "<group>"; };
		42BB07441AB6F82100F42EAE /* XCIDEHelper.m */ = {isa = PBXFileReference; fileEncoding = 4; lastKnownFileType = sourcecode.c.objc; path = XCIDEHelper.m; sourceTree = "<group>"; };
		42BB07461AB6FBBD00F42EAE /* XCIDEContext.h */ = {isa = PBXFileReference; fileEncoding = 4; lastKnownFileType = sourcecode.c.h; path = XCIDEContext.h; sourceTree = "<group>"; };
		42BB07471AB6FBBD00F42EAE /* XCIDEContext.m */ = {isa = PBXFileReference; fileEncoding = 4; lastKnownFileType = sourcecode.c.objc; path = XCIDEContext.m; sourceTree = "<group>"; };
		42BD03401AB0880200FB7C07 /* XCActionBarWindowController.xib */ = {isa = PBXFileReference; fileEncoding = 4; lastKnownFileType = file.xib; path = XCActionBarWindowController.xib; sourceTree = "<group>"; };
		42BD03411AB0880200FB7C07 /* XCActionBarWindowController.h */ = {isa = PBXFileReference; fileEncoding = 4; lastKnownFileType = sourcecode.c.h; lineEnding = 0; path = XCActionBarWindowController.h; sourceTree = "<group>"; xcLanguageSpecificationIdentifier = xcode.lang.objcpp; };
		42BD03421AB0880200FB7C07 /* XCActionBarWindowController.m */ = {isa = PBXFileReference; fileEncoding = 4; lastKnownFileType = sourcecode.c.objc; lineEnding = 0; path = XCActionBarWindowController.m; sourceTree = "<group>"; xcLanguageSpecificationIdentifier = xcode.lang.objc; };
		42C1AD471AAF3E7F00248A8D /* XCActionBar.xcplugin */ = {isa = PBXFileReference; explicitFileType = wrapper.cfbundle; includeInIndex = 0; path = XCActionBar.xcplugin; sourceTree = BUILT_PRODUCTS_DIR; };
		42C1AD4A1AAF3E7F00248A8D /* AppKit.framework */ = {isa = PBXFileReference; lastKnownFileType = wrapper.framework; name = AppKit.framework; path = /System/Library/Frameworks/AppKit.framework; sourceTree = "<absolute>"; };
		42C1AD4C1AAF3E7F00248A8D /* Foundation.framework */ = {isa = PBXFileReference; lastKnownFileType = wrapper.framework; name = Foundation.framework; path = /System/Library/Frameworks/Foundation.framework; sourceTree = "<absolute>"; };
		42C1AD501AAF3E7F00248A8D /* Info.plist */ = {isa = PBXFileReference; lastKnownFileType = text.plist.xml; path = Info.plist; sourceTree = "<group>"; };
		42C1AD531AAF3E7F00248A8D /* XCActionBar.h */ = {isa = PBXFileReference; lastKnownFileType = sourcecode.c.h; name = XCActionBar.h; path = ../XCActionBar.h; sourceTree = "<group>"; };
		42C1AD541AAF3E7F00248A8D /* XCActionBar.m */ = {isa = PBXFileReference; lastKnownFileType = sourcecode.c.objc; lineEnding = 0; name = XCActionBar.m; path = ../XCActionBar.m; sourceTree = "<group>"; xcLanguageSpecificationIdentifier = xcode.lang.objc; };
		42C1AD741AAF3EC000248A8D /* XcodeActionBrowserSimulatorTests.xctest */ = {isa = PBXFileReference; explicitFileType = wrapper.cfbundle; includeInIndex = 0; path = XcodeActionBrowserSimulatorTests.xctest; sourceTree = BUILT_PRODUCTS_DIR; };
		42C1AD791AAF3EC000248A8D /* Info.plist */ = {isa = PBXFileReference; lastKnownFileType = text.plist.xml; path = Info.plist; sourceTree = "<group>"; };
		42C1AD7A1AAF3EC000248A8D /* XcodeActionBrowserSimulatorTests.m */ = {isa = PBXFileReference; lastKnownFileType = sourcecode.c.objc; path = XcodeActionBrowserSimulatorTests.m; sourceTree = "<group>"; };
		42C1AD831AAF526A00248A8D /* XCActionProvider.h */ = {isa = PBXFileReference; fileEncoding = 4; lastKnownFileType = sourcecode.c.h; lineEnding = 0; path = XCActionProvider.h; sourceTree = "<group>"; xcLanguageSpecificationIdentifier = xcode.lang.objcpp; };
		42C1AD841AAF534200248A8D /* XCNSMenuActionProvider.h */ = {isa = PBXFileReference; fileEncoding = 4; lastKnownFileType = sourcecode.c.h; path = XCNSMenuActionProvider.h; sourceTree = "<group>"; };
		42C1AD851AAF534200248A8D /* XCNSMenuActionProvider.m */ = {isa = PBXFileReference; fileEncoding = 4; lastKnownFileType = sourcecode.c.objc; lineEnding = 0; path = XCNSMenuActionProvider.m; sourceTree = "<group>"; xcLanguageSpecificationIdentifier = xcode.lang.objc; };
		42C1AD871AAF5D7000248A8D /* XCActionInterface.h */ = {isa = PBXFileReference; fileEncoding = 4; lastKnownFileType = sourcecode.c.h; lineEnding = 0; name = XCActionInterface.h; path = ../XCActionInterface.h; sourceTree = "<group>"; xcLanguageSpecificationIdentifier = xcode.lang.objcpp; };
		42C1AD8A1AAF5F2000248A8D /* XCBlockAction.h */ = {isa = PBXFileReference; fileEncoding = 4; lastKnownFileType = sourcecode.c.h; name = XCBlockAction.h; path = ../XCBlockAction.h; sourceTree = "<group>"; };
		42C1AD8B1AAF5F2000248A8D /* XCBlockAction.m */ = {isa = PBXFileReference; fileEncoding = 4; lastKnownFileType = sourcecode.c.objc; name = XCBlockAction.m; path = ../XCBlockAction.m; sourceTree = "<group>"; };
		42C1AD8E1AAF614500248A8D /* XCConstants.h */ = {isa = PBXFileReference; fileEncoding = 4; lastKnownFileType = sourcecode.c.h; lineEnding = 0; path = XCConstants.h; sourceTree = "<group>"; xcLanguageSpecificationIdentifier = xcode.lang.objcpp; };
		42C1AD8F1AAF614500248A8D /* XCConstants.m */ = {isa = PBXFileReference; fileEncoding = 4; lastKnownFileType = sourcecode.c.objc; path = XCConstants.m; sourceTree = "<group>"; };
		42C1AD911AAF632700248A8D /* XCWorkspaceUnitTestsActionProvider.h */ = {isa = PBXFileReference; fileEncoding = 4; lastKnownFileType = sourcecode.c.h; path = XCWorkspaceUnitTestsActionProvider.h; sourceTree = "<group>"; };
		42C1AD921AAF632700248A8D /* XCWorkspaceUnitTestsActionProvider.m */ = {isa = PBXFileReference; fileEncoding = 4; lastKnownFileType = sourcecode.c.objc; lineEnding = 0; path = XCWorkspaceUnitTestsActionProvider.m; sourceTree = "<group>"; xcLanguageSpecificationIdentifier = xcode.lang.objc; };
		42CB73A91AD6D57700082DCB /* XCActionPresetSource.h */ = {isa = PBXFileReference; fileEncoding = 4; lastKnownFileType = sourcecode.c.h; path = XCActionPresetSource.h; sourceTree = "<group>"; };
		42CB73AA1AD6D61900082DCB /* XCActionPreset.h */ = {isa = PBXFileReference; fileEncoding = 4; lastKnownFileType = sourcecode.c.h; path = XCActionPreset.h; sourceTree = "<group>"; };
		42CB73AB1AD6D61900082DCB /* XCActionPreset.m */ = {isa = PBXFileReference; fileEncoding = 4; lastKnownFileType = sourcecode.c.objc; path = XCActionPreset.m; sourceTree = "<group>"; };
		42CB73AD1AD6D96800082DCB /* XCActionBarSearchDataSource.h */ = {isa = PBXFileReference; fileEncoding = 4; lastKnownFileType = sourcecode.c.h; path = XCActionBarSearchDataSource.h; sourceTree = "<group>"; };
		42CB73AE1AD6D96800082DCB /* XCActionBarSearchDataSource.m */ = {isa = PBXFileReference; fileEncoding = 4; lastKnownFileType = sourcecode.c.objc; path = XCActionBarSearchDataSource.m; sourceTree = "<group>"; };
		42CB73B01AD6D97500082DCB /* XCActionBarPresetDataSource.h */ = {isa = PBXFileReference; fileEncoding = 4; lastKnownFileType = sourcecode.c.h; path = XCActionBarPresetDataSource.h; sourceTree = "<group>"; };
		42CB73B11AD6D97500082DCB /* XCActionBarPresetDataSource.m */ = {isa = PBXFileReference; fileEncoding = 4; lastKnownFileType = sourcecode.c.objc; path = XCActionBarPresetDataSource.m; sourceTree = "<group>"; };
		42CEA4E91AB0ADDA006973B7 /* XCSearchService.h */ = {isa = PBXFileReference; fileEncoding = 4; lastKnownFileType = sourcecode.c.h; path = XCSearchService.h; sourceTree = "<group>"; };
		42CEA4EA1AB0ADDA006973B7 /* XCSearchService.m */ = {isa = PBXFileReference; fileEncoding = 4; lastKnownFileType = sourcecode.c.objc; lineEnding = 0; path = XCSearchService.m; sourceTree = "<group>"; xcLanguageSpecificationIdentifier = xcode.lang.objc; };
		42F3E2911AC1C48100D69E43 /* XCColumnSelectionModeAction.h */ = {isa = PBXFileReference; fileEncoding = 4; lastKnownFileType = sourcecode.c.h; path = XCColumnSelectionModeAction.h; sourceTree = "<group>"; };
		42F3E2921AC1C48100D69E43 /* XCColumnSelectionModeAction.m */ = {isa = PBXFileReference; fileEncoding = 4; lastKnownFileType = sourcecode.c.objc; path = XCColumnSelectionModeAction.m; sourceTree = "<group>"; };
		42F729491AC0C98800B99B7C /* XCSaveTextSelectionAction.h */ = {isa = PBXFileReference; fileEncoding = 4; lastKnownFileType = sourcecode.c.h; path = XCSaveTextSelectionAction.h; sourceTree = "<group>"; };
		42F7294A1AC0C98800B99B7C /* XCSaveTextSelectionAction.m */ = {isa = PBXFileReference; fileEncoding = 4; lastKnownFileType = sourcecode.c.objc; path = XCSaveTextSelectionAction.m; sourceTree = "<group>"; };
		42F815561AC56F980028A004 /* XCReplaceSelectionAction.h */ = {isa = PBXFileReference; fileEncoding = 4; lastKnownFileType = sourcecode.c.h; path = XCReplaceSelectionAction.h; sourceTree = "<group>"; };
		42F815571AC56F980028A004 /* XCReplaceSelectionAction.m */ = {isa = PBXFileReference; fileEncoding = 4; lastKnownFileType = sourcecode.c.objc; path = XCReplaceSelectionAction.m; sourceTree = "<group>"; };
		42FA5BC61AB82F79007F24B8 /* XCDuplicateLineAction.h */ = {isa = PBXFileReference; fileEncoding = 4; lastKnownFileType = sourcecode.c.h; path = XCDuplicateLineAction.h; sourceTree = "<group>"; };
		42FA5BC71AB82F79007F24B8 /* XCDuplicateLineAction.m */ = {isa = PBXFileReference; fileEncoding = 4; lastKnownFileType = sourcecode.c.objc; path = XCDuplicateLineAction.m; sourceTree = "<group>"; };
		42FA5BC91AB82F84007F24B8 /* XCDeleteLineAction.h */ = {isa = PBXFileReference; fileEncoding = 4; lastKnownFileType = sourcecode.c.h; path = XCDeleteLineAction.h; sourceTree = "<group>"; };
		42FA5BCA1AB82F84007F24B8 /* XCDeleteLineAction.m */ = {isa = PBXFileReference; fileEncoding = 4; lastKnownFileType = sourcecode.c.objc; path = XCDeleteLineAction.m; sourceTree = "<group>"; };
		42FCAABC1AD7F9DD0036E561 /* XCActionBarPresetStateController.h */ = {isa = PBXFileReference; fileEncoding = 4; lastKnownFileType = sourcecode.c.h; path = XCActionBarPresetStateController.h; sourceTree = "<group>"; };
		42FCAABD1AD7F9DD0036E561 /* XCActionBarPresetStateController.m */ = {isa = PBXFileReference; fileEncoding = 4; lastKnownFileType = sourcecode.c.objc; path = XCActionBarPresetStateController.m; sourceTree = "<group>"; };
		42FCAABF1AD7FC9E0036E561 /* XCActionBarDataSource.h */ = {isa = PBXFileReference; fileEncoding = 4; lastKnownFileType = sourcecode.c.h; path = XCActionBarDataSource.h; sourceTree = "<group>"; };
		42FD3C0D1AB0ABE900F0A442 /* XCRoundCornerWindow.h */ = {isa = PBXFileReference; fileEncoding = 4; lastKnownFileType = sourcecode.c.h; lineEnding = 0; path = XCRoundCornerWindow.h; sourceTree = "<group>"; xcLanguageSpecificationIdentifier = xcode.lang.objcpp; };
		42FD3C0E1AB0ABE900F0A442 /* XCRoundCornerWindow.m */ = {isa = PBXFileReference; fileEncoding = 4; lastKnownFileType = sourcecode.c.objc; lineEnding = 0; path = XCRoundCornerWindow.m; sourceTree = "<group>"; xcLanguageSpecificationIdentifier = xcode.lang.objc; };
		42FE83BF1AD4884E00F27F05 /* XCGUIDGeneratorAction.h */ = {isa = PBXFileReference; fileEncoding = 4; lastKnownFileType = sourcecode.c.h; path = XCGUIDGeneratorAction.h; sourceTree = "<group>"; };
		42FE83C01AD4884E00F27F05 /* XCGUIDGeneratorAction.m */ = {isa = PBXFileReference; fileEncoding = 4; lastKnownFileType = sourcecode.c.objc; path = XCGUIDGeneratorAction.m; sourceTree = "<group>"; };
/* End PBXFileReference section */

/* Begin PBXFrameworksBuildPhase section */
		42C1AD451AAF3E7F00248A8D /* Frameworks */ = {
			isa = PBXFrameworksBuildPhase;
			buildActionMask = 2147483647;
			files = (
				42C1AD4B1AAF3E7F00248A8D /* AppKit.framework in Frameworks */,
				42C1AD4D1AAF3E7F00248A8D /* Foundation.framework in Frameworks */,
			);
			runOnlyForDeploymentPostprocessing = 0;
		};
		42C1AD711AAF3EC000248A8D /* Frameworks */ = {
			isa = PBXFrameworksBuildPhase;
			buildActionMask = 2147483647;
			files = (
			);
			runOnlyForDeploymentPostprocessing = 0;
		};
/* End PBXFrameworksBuildPhase section */

/* Begin PBXGroup section */
		4214C99E1ACDC2DE009FA602 /* Resources */ = {
			isa = PBXGroup;
			children = (
				4214C99F1ACDC33A009FA602 /* fontawesome-webfont.ttf */,
			);
			path = Resources;
			sourceTree = "<group>";
		};
		422DB1BB1AB5FB05007D13F9 /* IDEKit */ = {
			isa = PBXGroup;
			children = (
				422DB1BA1AB5FAF5007D13F9 /* IDECodeSnippet.h */,
				422DB1BC1AB5FB2D007D13F9 /* IDECodeSnippetRepository.h */,
			);
			name = IDEKit;
			sourceTree = "<group>";
		};
		423986F81AC0DEA300559D29 /* Common */ = {
			isa = PBXGroup;
			children = (
				423986F91AC0DEB300559D29 /* XCTextSelectionStorage.h */,
				423986FA1AC0DEB300559D29 /* XCTextSelectionStorage.m */,
				42A360BA1AC05FC00027B223 /* XCTextSnippetHelper.h */,
				42A360BB1AC05FC00027B223 /* XCTextSnippetHelper.m */,
			);
			name = Common;
			sourceTree = "<group>";
		};
		424414241AD00E580018D02A /* Text Selection */ = {
			isa = PBXGroup;
			children = (
				42F729491AC0C98800B99B7C /* XCSaveTextSelectionAction.h */,
				42F7294A1AC0C98800B99B7C /* XCSaveTextSelectionAction.m */,
				421278DB1ACDEC5E0037B87A /* XCMoveSelectionHereAction.h */,
				421278DC1ACDEC5E0037B87A /* XCMoveSelectionHereAction.m */,
			);
			name = "Text Selection";
			sourceTree = "<group>";
		};
		424504A61ABC4FBE0054DC61 /* Text Operations */ = {
			isa = PBXGroup;
			children = (
				421D37091AB7982300FF8338 /* XCAddPrefixToLinesAction.h */,
				421D370A1AB7982300FF8338 /* XCAddPrefixToLinesAction.m */,
				427F93351AC6DFC30003D0F8 /* XCAddPrefixToTextAction.h */,
				427F93361AC6DFC30003D0F8 /* XCAddPrefixToTextAction.m */,
				421D370C1AB7982F00FF8338 /* XCAddSuffixToLinesAction.h */,
				421D370D1AB7982F00FF8338 /* XCAddSuffixToLinesAction.m */,
				4270B2B31AC6E1F8004AF618 /* XCAddSuffixToTextAction.h */,
				4270B2B41AC6E1F8004AF618 /* XCAddSuffixToTextAction.m */,
				42F3E2911AC1C48100D69E43 /* XCColumnSelectionModeAction.h */,
				42F3E2921AC1C48100D69E43 /* XCColumnSelectionModeAction.m */,
				428672571ABC168C001BA586 /* XCDeleteBlankLinesAction.h */,
				428672581ABC168C001BA586 /* XCDeleteBlankLinesAction.m */,
				42FA5BC91AB82F84007F24B8 /* XCDeleteLineAction.h */,
				42FA5BCA1AB82F84007F24B8 /* XCDeleteLineAction.m */,
				42FA5BC61AB82F79007F24B8 /* XCDuplicateLineAction.h */,
				42FA5BC71AB82F79007F24B8 /* XCDuplicateLineAction.m */,
				424414251AD00EAC0018D02A /* XCExpandCodeSnippetAction.h */,
				424414261AD00EAC0018D02A /* XCExpandCodeSnippetAction.m */,
				42F815561AC56F980028A004 /* XCReplaceSelectionAction.h */,
				42F815571AC56F980028A004 /* XCReplaceSelectionAction.m */,
				42A71F201AB714C2008B5B92 /* XCSortContentsAction.h */,
				42A71F211AB714C2008B5B92 /* XCSortContentsAction.m */,
				42A71F1D1AB714AE008B5B92 /* XCSortSelectionAction.h */,
				42A71F1E1AB714AE008B5B92 /* XCSortSelectionAction.m */,
				4247AD801AD1BB08000C07B1 /* XCSplitSelectionIntoLinesAction.h */,
				4247AD811AD1BB08000C07B1 /* XCSplitSelectionIntoLinesAction.m */,
				429086511AB92AE800EC3F78 /* XCSurroundLineWithAction.h */,
				429086521AB92AE800EC3F78 /* XCSurroundLineWithAction.m */,
				42A71F231AB714E4008B5B92 /* XCSurroundWithAction.h */,
				42A71F241AB714E4008B5B92 /* XCSurroundWithAction.m */,
				421D37071AB790D900FF8338 /* XCSurroundWithActions.plist */,
				426C32581AB9A121005EFD11 /* XCSurroundWithSnippetAction.h */,
				426C32591AB9A121005EFD11 /* XCSurroundWithSnippetAction.m */,
				4284ADC71ABC26E400531C48 /* XCTrimWhitespaceAction.h */,
				4284ADC81ABC26E400531C48 /* XCTrimWhitespaceAction.m */,
				4264951C1AD1BE90007C69F1 /* XCJoinLinesAction.h */,
				4264951D1AD1BE90007C69F1 /* XCJoinLinesAction.m */,
			);
			name = "Text Operations";
			sourceTree = "<group>";
		};
		424504A71ABC4FE50054DC61 /* File Operations */ = {
			isa = PBXGroup;
			children = (
				424504A81ABC50150054DC61 /* XCCopyActiveDocumentPathAction.h */,
				424504A91ABC50150054DC61 /* XCCopyActiveDocumentPathAction.m */,
				424504AB1ABC50940054DC61 /* XCOpenActiveDocumentPathInTerminalAction.h */,
				424504AC1ABC50940054DC61 /* XCOpenActiveDocumentPathInTerminalAction.m */,
				425500EB1ABC594D0029C533 /* XCCopyActiveDocumentDirectoryAction.h */,
				425500EC1ABC594D0029C533 /* XCCopyActiveDocumentDirectoryAction.m */,
			);
			name = "File Operations";
			sourceTree = "<group>";
		};
		4249DCE91AD9853B00855FE3 /* Categories */ = {
			isa = PBXGroup;
			children = (
				4249DCED1AD9859B00855FE3 /* NSIndexSet+XCCircularIndexSet.h */,
				4249DCEE1AD9859B00855FE3 /* NSIndexSet+XCCircularIndexSet.m */,
			);
			path = Categories;
			sourceTree = "<group>";
		};
		4249DCF01AD98CF000855FE3 /* Find Operations */ = {
			isa = PBXGroup;
			children = (
				4249DCF11AD98D1800855FE3 /* XCFindWithExpressionAction.h */,
				4249DCF21AD98D1800855FE3 /* XCFindWithExpressionAction.m */,
			);
			name = "Find Operations";
			sourceTree = "<group>";
		};
		426782E61ABA33A1006F4E53 /* Hot Keys */ = {
			isa = PBXGroup;
			children = (
				426782E71ABA33C8006F4E53 /* XCHotKeyListener.h */,
				426782E81ABA33C8006F4E53 /* XCHotKeyListener.m */,
			);
			path = "Hot Keys";
			sourceTree = "<group>";
		};
		4275F5D41AD328F3005F3032 /* Quicksilver */ = {
			isa = PBXGroup;
			children = (
				4275F5D51AD328F3005F3032 /* NSString_Purification.h */,
				4275F5D61AD328F3005F3032 /* NSString_Purification.m */,
				4275F5D71AD328F3005F3032 /* QSense.h */,
				4275F5D81AD328F3005F3032 /* QSense.m */,
				4275F5D91AD328F3005F3032 /* QSStringRanker.h */,
				4275F5DA1AD328F3005F3032 /* QSStringRanker.m */,
			);
			path = Quicksilver;
			sourceTree = "<group>";
		};
		42807D301AB05F4B007988F3 /* Plugin */ = {
			isa = PBXGroup;
			children = (
				42C1AD531AAF3E7F00248A8D /* XCActionBar.h */,
				42C1AD541AAF3E7F00248A8D /* XCActionBar.m */,
				42BB07461AB6FBBD00F42EAE /* XCIDEContext.h */,
				42BB07471AB6FBBD00F42EAE /* XCIDEContext.m */,
				426782EA1ABA37E8006F4E53 /* XCActionBarConfiguration.plist */,
				42135EA41ABC992A0092E97C /* XCActionBarConfiguration.h */,
				42135EA51ABC992A0092E97C /* XCActionBarConfiguration.m */,
			);
			path = Plugin;
			sourceTree = "<group>";
		};
		429745551AC85C1300E1875D /* Action Search */ = {
			isa = PBXGroup;
			children = (
				42CB73B31AD6DA2C00082DCB /* Data Sources */,
				42FCAABB1AD7F9970036E561 /* State Controllers */,
				42BD03411AB0880200FB7C07 /* XCActionBarWindowController.h */,
				42BD03421AB0880200FB7C07 /* XCActionBarWindowController.m */,
				42BD03401AB0880200FB7C07 /* XCActionBarWindowController.xib */,
				429745541AC85B7600E1875D /* XCActionBarCommandHandler.h */,
				428A1D051ACD99B100032F4A /* XCActionBarCommandProcessor.h */,
			);
			name = "Action Search";
			sourceTree = "<group>";
		};
		42A71F191AB7130F008B5B92 /* Actions */ = {
			isa = PBXGroup;
			children = (
				42A71F261AB71569008B5B92 /* Custom */,
				42C1AD871AAF5D7000248A8D /* XCActionInterface.h */,
				4286725A1ABC18AF001BA586 /* XCActions.h */,
				42C1AD8A1AAF5F2000248A8D /* XCBlockAction.h */,
				42C1AD8B1AAF5F2000248A8D /* XCBlockAction.m */,
				42A71F1A1AB71323008B5B92 /* XCCustomAction.h */,
				42A71F1B1AB71323008B5B92 /* XCCustomAction.m */,
				42CB73A91AD6D57700082DCB /* XCActionPresetSource.h */,
				42CB73AA1AD6D61900082DCB /* XCActionPreset.h */,
				42CB73AB1AD6D61900082DCB /* XCActionPreset.m */,
			);
			path = Actions;
			sourceTree = "<group>";
		};
		42A71F261AB71569008B5B92 /* Custom */ = {
			isa = PBXGroup;
			children = (
				423986F81AC0DEA300559D29 /* Common */,
				424504A71ABC4FE50054DC61 /* File Operations */,
				4249DCF01AD98CF000855FE3 /* Find Operations */,
				42FE83BE1AD4882100F27F05 /* Generators */,
				424504A61ABC4FBE0054DC61 /* Text Operations */,
				424414241AD00E580018D02A /* Text Selection */,
			);
			name = Custom;
			sourceTree = "<group>";
		};
		42BA258D1AB31267004220B4 /* Vendor */ = {
			isa = PBXGroup;
			children = (
				4275F5D41AD328F3005F3032 /* Quicksilver */,
				42BA258E1AB31267004220B4 /* Xcode */,
			);
			path = Vendor;
			sourceTree = "<group>";
		};
		42BA258E1AB31267004220B4 /* Xcode */ = {
			isa = PBXGroup;
			children = (
				422DB1BB1AB5FB05007D13F9 /* IDEKit */,
				42066D291AB32F5300131861 /* _IDEOCUnitTestRecord.h */,
				421E215B1AB321DC000893ED /* _IDETestableState.h */,
				425D65C01AB3633700140766 /* DVTFilePath.h */,
				421E21561AB3214B000893ED /* IDEIndex.h */,
				421E215A1AB321C5000893ED /* IDETest-IDETestNavigatorAdditions.h */,
				421E21581AB321BB000893ED /* IDETest.h */,
				421E21591AB321BB000893ED /* IDETestable-Protocol.h */,
				425C2DA01AB33B3600143A65 /* IDETestContainer-Protocol.h */,
				42066D251AB3284800131861 /* IDETestManager.h */,
				421E21571AB32164000893ED /* IDEWorkspace.h */,
			);
			path = Xcode;
			sourceTree = "<group>";
		};
		42BD033C1AB0880200FB7C07 /* Controllers */ = {
			isa = PBXGroup;
			children = (
				429745551AC85C1300E1875D /* Action Search */,
			);
			path = Controllers;
			sourceTree = "<group>";
		};
		42C1AD3E1AAF3E7F00248A8D = {
			isa = PBXGroup;
			children = (
				42C1AD4E1AAF3E7F00248A8D /* PGXcodeActionBrowser */,
				42C1AD771AAF3EC000248A8D /* XcodeActionBrowserSimulatorTests */,
				42C1AD491AAF3E7F00248A8D /* Frameworks */,
				42C1AD481AAF3E7F00248A8D /* Products */,
			);
			sourceTree = "<group>";
		};
		42C1AD481AAF3E7F00248A8D /* Products */ = {
			isa = PBXGroup;
			children = (
				42C1AD471AAF3E7F00248A8D /* XCActionBar.xcplugin */,
				42C1AD741AAF3EC000248A8D /* XcodeActionBrowserSimulatorTests.xctest */,
			);
			name = Products;
			sourceTree = "<group>";
		};
		42C1AD491AAF3E7F00248A8D /* Frameworks */ = {
			isa = PBXGroup;
			children = (
				42C1AD4A1AAF3E7F00248A8D /* AppKit.framework */,
				42C1AD4C1AAF3E7F00248A8D /* Foundation.framework */,
			);
			name = Frameworks;
			sourceTree = "<group>";
		};
		42C1AD4E1AAF3E7F00248A8D /* PGXcodeActionBrowser */ = {
			isa = PBXGroup;
			children = (
				4249DCE91AD9853B00855FE3 /* Categories */,
				42C1AD8D1AAF612A00248A8D /* Common */,
				42BD033C1AB0880200FB7C07 /* Controllers */,
				42C1AD821AAF522A00248A8D /* Model */,
				42807D301AB05F4B007988F3 /* Plugin */,
				4214C99E1ACDC2DE009FA602 /* Resources */,
				42C1AD4F1AAF3E7F00248A8D /* Supporting Files */,
				42FD3C0C1AB0ABC700F0A442 /* UI */,
				42BA258D1AB31267004220B4 /* Vendor */,
			);
			path = PGXcodeActionBrowser;
			sourceTree = "<group>";
		};
		42C1AD4F1AAF3E7F00248A8D /* Supporting Files */ = {
			isa = PBXGroup;
			children = (
				42C1AD501AAF3E7F00248A8D /* Info.plist */,
				422781921AB05883003CDD79 /* XCActionBar-Prefix.pch */,
			);
			name = "Supporting Files";
			sourceTree = "<group>";
		};
		42C1AD771AAF3EC000248A8D /* XcodeActionBrowserSimulatorTests */ = {
			isa = PBXGroup;
			children = (
				42C1AD7A1AAF3EC000248A8D /* XcodeActionBrowserSimulatorTests.m */,
				42C1AD781AAF3EC000248A8D /* Supporting Files */,
			);
			path = XcodeActionBrowserSimulatorTests;
			sourceTree = "<group>";
		};
		42C1AD781AAF3EC000248A8D /* Supporting Files */ = {
			isa = PBXGroup;
			children = (
				42C1AD791AAF3EC000248A8D /* Info.plist */,
			);
			name = "Supporting Files";
			sourceTree = "<group>";
		};
		42C1AD821AAF522A00248A8D /* Model */ = {
			isa = PBXGroup;
			children = (
				42C1AD891AAF5EE300248A8D /* Action Providers */,
				42A71F191AB7130F008B5B92 /* Actions */,
				426782E61ABA33A1006F4E53 /* Hot Keys */,
				42CEA4E81AB0ADC0006973B7 /* Search */,
			);
			path = Model;
			sourceTree = "<group>";
		};
		42C1AD891AAF5EE300248A8D /* Action Providers */ = {
			isa = PBXGroup;
			children = (
				42C1AD831AAF526A00248A8D /* XCActionProvider.h */,
				422DB1BD1AB60134007D13F9 /* XCCodeSnippetProvider.h */,
				422DB1BE1AB60134007D13F9 /* XCCodeSnippetProvider.m */,
				42A71F161AB710EB008B5B92 /* XCCustomActionProvider.h */,
				42A71F171AB710EB008B5B92 /* XCCustomActionProvider.m */,
				42C1AD841AAF534200248A8D /* XCNSMenuActionProvider.h */,
				42C1AD851AAF534200248A8D /* XCNSMenuActionProvider.m */,
				42C1AD911AAF632700248A8D /* XCWorkspaceUnitTestsActionProvider.h */,
				42C1AD921AAF632700248A8D /* XCWorkspaceUnitTestsActionProvider.m */,
			);
			name = "Action Providers";
			sourceTree = "<group>";
		};
		42C1AD8D1AAF612A00248A8D /* Common */ = {
			isa = PBXGroup;
			children = (
				42C1AD8E1AAF614500248A8D /* XCConstants.h */,
				42C1AD8F1AAF614500248A8D /* XCConstants.m */,
				42BB07431AB6F82100F42EAE /* XCIDEHelper.h */,
				42BB07441AB6F82100F42EAE /* XCIDEHelper.m */,
				42807D401AB07D4B007988F3 /* XCInputValidation.h */,
				42807D411AB07D4B007988F3 /* XCInputValidation.m */,
				42807D3D1AB0708A007988F3 /* XCUtils.h */,
				42807D3E1AB0708A007988F3 /* XCUtils.m */,
			);
			path = Common;
			sourceTree = "<group>";
		};
		42CB73B31AD6DA2C00082DCB /* Data Sources */ = {
			isa = PBXGroup;
			children = (
				42FCAABF1AD7FC9E0036E561 /* XCActionBarDataSource.h */,
				42CB73B01AD6D97500082DCB /* XCActionBarPresetDataSource.h */,
				42CB73B11AD6D97500082DCB /* XCActionBarPresetDataSource.m */,
				42CB73AD1AD6D96800082DCB /* XCActionBarSearchDataSource.h */,
				42CB73AE1AD6D96800082DCB /* XCActionBarSearchDataSource.m */,
			);
			name = "Data Sources";
			sourceTree = "<group>";
		};
		42CEA4E81AB0ADC0006973B7 /* Search */ = {
			isa = PBXGroup;
			children = (
				42A647221AB0B666003803AE /* XCActionIndex.h */,
				42A647231AB0B666003803AE /* XCActionIndex.m */,
				4275F5C11AD2F59D005F3032 /* XCSearchMatchEntry.h */,
				4275F5C21AD2F59D005F3032 /* XCSearchMatchEntry.m */,
				42CEA4E91AB0ADDA006973B7 /* XCSearchService.h */,
				42CEA4EA1AB0ADDA006973B7 /* XCSearchService.m */,
				421F53561AB9CFF600509103 /* XCSearchStrategy.h */,
				4275F5C41AD2F6D5005F3032 /* XCPartialMatchSearchStrategy.h */,
				4275F5C51AD2F6D5005F3032 /* XCPartialMatchSearchStrategy.m */,
				4275F5D11AD32832005F3032 /* XCFuzzySearchStrategy.h */,
				4275F5D21AD32832005F3032 /* XCFuzzySearchStrategy.m */,
			);
			path = Search;
			sourceTree = "<group>";
		};
		42FCAABB1AD7F9970036E561 /* State Controllers */ = {
			isa = PBXGroup;
			children = (
				4297454E1AC85AEF00E1875D /* XCActionBarSearchStateController.h */,
				4297454F1AC85AEF00E1875D /* XCActionBarSearchStateController.m */,
				429745511AC85B0000E1875D /* XCActionBarArgumentInputStateController.h */,
				429745521AC85B0000E1875D /* XCActionBarArgumentInputStateController.m */,
				42FCAABC1AD7F9DD0036E561 /* XCActionBarPresetStateController.h */,
				42FCAABD1AD7F9DD0036E561 /* XCActionBarPresetStateController.m */,
			);
			name = "State Controllers";
			sourceTree = "<group>";
		};
		42FD3C0C1AB0ABC700F0A442 /* UI */ = {
			isa = PBXGroup;
			children = (
				42FD3C0D1AB0ABE900F0A442 /* XCRoundCornerWindow.h */,
				42FD3C0E1AB0ABE900F0A442 /* XCRoundCornerWindow.m */,
				4228E3E71AB1B7D100918EAA /* XCSearchResultCell.xib */,
				4228E3E91AB1B82A00918EAA /* XCSearchResultCell.h */,
				4228E3EA1AB1B82A00918EAA /* XCSearchResultCell.m */,
			);
			path = UI;
			sourceTree = "<group>";
		};
		42FE83BE1AD4882100F27F05 /* Generators */ = {
			isa = PBXGroup;
			children = (
				42FE83BF1AD4884E00F27F05 /* XCGUIDGeneratorAction.h */,
				42FE83C01AD4884E00F27F05 /* XCGUIDGeneratorAction.m */,
			);
			name = Generators;
			sourceTree = "<group>";
		};
/* End PBXGroup section */

/* Begin PBXNativeTarget section */
		42C1AD461AAF3E7F00248A8D /* XCActionBar */ = {
			isa = PBXNativeTarget;
			buildConfigurationList = 42C1AD581AAF3E7F00248A8D /* Build configuration list for PBXNativeTarget "XCActionBar" */;
			buildPhases = (
				42455FEF1ACD41D30040B5E8 /* Delete build directory */,
				42C1AD431AAF3E7F00248A8D /* Sources */,
				42C1AD441AAF3E7F00248A8D /* Resources */,
				42C1AD451AAF3E7F00248A8D /* Frameworks */,
			);
			buildRules = (
			);
			dependencies = (
				423E7FCE1ACD4F7700BFFC55 /* PBXTargetDependency */,
			);
			name = XCActionBar;
			productName = PGXcodeActionBrowser;
			productReference = 42C1AD471AAF3E7F00248A8D /* XCActionBar.xcplugin */;
			productType = "com.apple.product-type.bundle";
		};
		42C1AD731AAF3EC000248A8D /* XcodeActionBrowserSimulatorTests */ = {
			isa = PBXNativeTarget;
			buildConfigurationList = 42C1AD7F1AAF3EC000248A8D /* Build configuration list for PBXNativeTarget "XcodeActionBrowserSimulatorTests" */;
			buildPhases = (
				42C1AD701AAF3EC000248A8D /* Sources */,
				42C1AD711AAF3EC000248A8D /* Frameworks */,
				42C1AD721AAF3EC000248A8D /* Resources */,
			);
			buildRules = (
			);
			dependencies = (
			);
			name = XcodeActionBrowserSimulatorTests;
			productName = XcodeActionBrowserSimulatorTests;
			productReference = 42C1AD741AAF3EC000248A8D /* XcodeActionBrowserSimulatorTests.xctest */;
			productType = "com.apple.product-type.bundle.unit-test";
		};
/* End PBXNativeTarget section */

/* Begin PBXProject section */
		42C1AD3F1AAF3E7F00248A8D /* Project object */ = {
			isa = PBXProject;
			attributes = {
				LastUpgradeCheck = 0610;
				ORGANIZATIONNAME = "Pedro Gomes";
				TargetAttributes = {
					423E7FC81ACD4F0F00BFFC55 = {
						CreatedOnToolsVersion = 6.2;
					};
					42C1AD461AAF3E7F00248A8D = {
						CreatedOnToolsVersion = 6.1.1;
					};
					42C1AD731AAF3EC000248A8D = {
						CreatedOnToolsVersion = 6.1.1;
						TestTargetID = 42C1AD5E1AAF3EC000248A8D;
					};
				};
			};
			buildConfigurationList = 42C1AD421AAF3E7F00248A8D /* Build configuration list for PBXProject "XCActionBar" */;
			compatibilityVersion = "Xcode 3.2";
			developmentRegion = English;
			hasScannedForEncodings = 0;
			knownRegions = (
				en,
				Base,
			);
			mainGroup = 42C1AD3E1AAF3E7F00248A8D;
			productRefGroup = 42C1AD481AAF3E7F00248A8D /* Products */;
			projectDirPath = "";
			projectRoot = "";
			targets = (
				42C1AD461AAF3E7F00248A8D /* XCActionBar */,
				423E7FC81ACD4F0F00BFFC55 /* Cleanup */,
				42C1AD731AAF3EC000248A8D /* XcodeActionBrowserSimulatorTests */,
			);
		};
/* End PBXProject section */

/* Begin PBXResourcesBuildPhase section */
		42C1AD441AAF3E7F00248A8D /* Resources */ = {
			isa = PBXResourcesBuildPhase;
			buildActionMask = 2147483647;
			files = (
				42BD03481AB0880200FB7C07 /* XCActionBarWindowController.xib in Resources */,
				421D37081AB790D900FF8338 /* XCSurroundWithActions.plist in Resources */,
				4214C9A01ACDC33A009FA602 /* fontawesome-webfont.ttf in Resources */,
				426782EB1ABA37E8006F4E53 /* XCActionBarConfiguration.plist in Resources */,
				4228E3E81AB1B7D100918EAA /* XCSearchResultCell.xib in Resources */,
			);
			runOnlyForDeploymentPostprocessing = 0;
		};
		42C1AD721AAF3EC000248A8D /* Resources */ = {
			isa = PBXResourcesBuildPhase;
			buildActionMask = 2147483647;
			files = (
			);
			runOnlyForDeploymentPostprocessing = 0;
		};
/* End PBXResourcesBuildPhase section */

/* Begin PBXShellScriptBuildPhase section */
		423E7FCC1ACD4F2400BFFC55 /* Cleanup */ = {
			isa = PBXShellScriptBuildPhase;
			buildActionMask = 2147483647;
			files = (
			);
			inputPaths = (
			);
			name = Cleanup;
			outputPaths = (
			);
			runOnlyForDeploymentPostprocessing = 0;
			shellPath = /bin/sh;
			shellScript = "cd \"$PROJECT_DIR\"\nxcodebuild clean";
			showEnvVarsInLog = 0;
		};
		42455FEF1ACD41D30040B5E8 /* Delete build directory */ = {
			isa = PBXShellScriptBuildPhase;
			buildActionMask = 2147483647;
			files = (
			);
			inputPaths = (
			);
			name = "Delete build directory";
			outputPaths = (
			);
			runOnlyForDeploymentPostprocessing = 0;
			shellPath = /bin/sh;
			shellScript = "if [ -d \"$BUILT_PRODUCTS_DIR\" ]; then\n    touch \"$BUILT_PRODUCTS_DIR\"\nfi\n\nPLUGIN_BUILD_DIR=\"$PROJECT_DIR/build/$CONFIGURATION\"\n\nif [ -d \"$PLUGIN_BUILD_DIR\" ]; then\n    rm -rf \"$PLUGIN_BUILD_DIR/*\"\nfi\n";
			showEnvVarsInLog = 0;
		};
/* End PBXShellScriptBuildPhase section */

/* Begin PBXSourcesBuildPhase section */
		42C1AD431AAF3E7F00248A8D /* Sources */ = {
			isa = PBXSourcesBuildPhase;
			buildActionMask = 2147483647;
			files = (
				42C1AD901AAF614500248A8D /* XCConstants.m in Sources */,
				4275F5DD1AD328F3005F3032 /* QSStringRanker.m in Sources */,
				429745531AC85B0000E1875D /* XCActionBarArgumentInputStateController.m in Sources */,
				42BB07451AB6F82100F42EAE /* XCIDEHelper.m in Sources */,
				426C325A1AB9A121005EFD11 /* XCSurroundWithSnippetAction.m in Sources */,
				4284ADC91ABC26E400531C48 /* XCTrimWhitespaceAction.m in Sources */,
				4275F5D31AD32832005F3032 /* XCFuzzySearchStrategy.m in Sources */,
				425500ED1ABC594D0029C533 /* XCCopyActiveDocumentDirectoryAction.m in Sources */,
				42A71F181AB710EB008B5B92 /* XCCustomActionProvider.m in Sources */,
				42CB73AF1AD6D96800082DCB /* XCActionBarSearchDataSource.m in Sources */,
				4275F5C61AD2F6D5005F3032 /* XCPartialMatchSearchStrategy.m in Sources */,
				423986FB1AC0DEB300559D29 /* XCTextSelectionStorage.m in Sources */,
				42CB73AC1AD6D61900082DCB /* XCActionPreset.m in Sources */,
				42C1AD551AAF3E7F00248A8D /* XCActionBar.m in Sources */,
				4275F5C31AD2F59D005F3032 /* XCSearchMatchEntry.m in Sources */,
				42FD3C0F1AB0ABE900F0A442 /* XCRoundCornerWindow.m in Sources */,
				4264951E1AD1BE90007C69F1 /* XCJoinLinesAction.m in Sources */,
				42C1AD861AAF534200248A8D /* XCNSMenuActionProvider.m in Sources */,
				42F815581AC56F980028A004 /* XCReplaceSelectionAction.m in Sources */,
				429086531AB92AE800EC3F78 /* XCSurroundLineWithAction.m in Sources */,
				421D370B1AB7982300FF8338 /* XCAddPrefixToLinesAction.m in Sources */,
				42807D3F1AB0708A007988F3 /* XCUtils.m in Sources */,
				4275F5DC1AD328F3005F3032 /* QSense.m in Sources */,
				422DB1BF1AB60134007D13F9 /* XCCodeSnippetProvider.m in Sources */,
				42A71F1C1AB71323008B5B92 /* XCCustomAction.m in Sources */,
				42FE83C11AD4884E00F27F05 /* XCGUIDGeneratorAction.m in Sources */,
				42FCAABE1AD7F9DD0036E561 /* XCActionBarPresetStateController.m in Sources */,
				426782E91ABA33C8006F4E53 /* XCHotKeyListener.m in Sources */,
				4249DCF31AD98D1800855FE3 /* XCFindWithExpressionAction.m in Sources */,
				421278DD1ACDEC5E0037B87A /* XCMoveSelectionHereAction.m in Sources */,
				421D370E1AB7982F00FF8338 /* XCAddSuffixToLinesAction.m in Sources */,
				42FA5BCB1AB82F84007F24B8 /* XCDeleteLineAction.m in Sources */,
				42FA5BC81AB82F79007F24B8 /* XCDuplicateLineAction.m in Sources */,
				42BD03491AB0880200FB7C07 /* XCActionBarWindowController.m in Sources */,
				42CEA4EB1AB0ADDA006973B7 /* XCSearchService.m in Sources */,
				4275F5DB1AD328F3005F3032 /* NSString_Purification.m in Sources */,
				42135EA61ABC992A0092E97C /* XCActionBarConfiguration.m in Sources */,
				4228E3EB1AB1B82A00918EAA /* XCSearchResultCell.m in Sources */,
				42CB73B21AD6D97500082DCB /* XCActionBarPresetDataSource.m in Sources */,
				42C1AD931AAF632700248A8D /* XCWorkspaceUnitTestsActionProvider.m in Sources */,
				42807D421AB07D4B007988F3 /* XCInputValidation.m in Sources */,
				427F93371AC6DFC30003D0F8 /* XCAddPrefixToTextAction.m in Sources */,
				429745501AC85AEF00E1875D /* XCActionBarSearchStateController.m in Sources */,
				42C1AD8C1AAF5F2000248A8D /* XCBlockAction.m in Sources */,
				42A71F1F1AB714AE008B5B92 /* XCSortSelectionAction.m in Sources */,
				424504AD1ABC50940054DC61 /* XCOpenActiveDocumentPathInTerminalAction.m in Sources */,
				42A71F251AB714E4008B5B92 /* XCSurroundWithAction.m in Sources */,
				42F7294B1AC0C98800B99B7C /* XCSaveTextSelectionAction.m in Sources */,
				42F3E2931AC1C48100D69E43 /* XCColumnSelectionModeAction.m in Sources */,
				428672591ABC168C001BA586 /* XCDeleteBlankLinesAction.m in Sources */,
				424504AA1ABC50150054DC61 /* XCCopyActiveDocumentPathAction.m in Sources */,
				4270B2B51AC6E1F8004AF618 /* XCAddSuffixToTextAction.m in Sources */,
				4247AD821AD1BB08000C07B1 /* XCSplitSelectionIntoLinesAction.m in Sources */,
				42A360BC1AC05FC00027B223 /* XCTextSnippetHelper.m in Sources */,
				42BB07481AB6FBBD00F42EAE /* XCIDEContext.m in Sources */,
				42A71F221AB714C2008B5B92 /* XCSortContentsAction.m in Sources */,
				42A647241AB0B666003803AE /* XCActionIndex.m in Sources */,
				424414271AD00EAC0018D02A /* XCExpandCodeSnippetAction.m in Sources */,
				4249DCEF1AD9859B00855FE3 /* NSIndexSet+XCCircularIndexSet.m in Sources */,
			);
			runOnlyForDeploymentPostprocessing = 0;
		};
		42C1AD701AAF3EC000248A8D /* Sources */ = {
			isa = PBXSourcesBuildPhase;
			buildActionMask = 2147483647;
			files = (
				42C1AD7B1AAF3EC000248A8D /* XcodeActionBrowserSimulatorTests.m in Sources */,
			);
			runOnlyForDeploymentPostprocessing = 0;
		};
/* End PBXSourcesBuildPhase section */

/* Begin PBXTargetDependency section */
		423E7FCE1ACD4F7700BFFC55 /* PBXTargetDependency */ = {
			isa = PBXTargetDependency;
			target = 423E7FC81ACD4F0F00BFFC55 /* Cleanup */;
			targetProxy = 423E7FCD1ACD4F7700BFFC55 /* PBXContainerItemProxy */;
		};
/* End PBXTargetDependency section */

/* Begin XCBuildConfiguration section */
		423E7FCA1ACD4F0F00BFFC55 /* Debug */ = {
			isa = XCBuildConfiguration;
			buildSettings = {
				PRODUCT_NAME = "$(TARGET_NAME)";
			};
			name = Debug;
		};
		423E7FCB1ACD4F0F00BFFC55 /* Release */ = {
			isa = XCBuildConfiguration;
			buildSettings = {
				PRODUCT_NAME = "$(TARGET_NAME)";
			};
			name = Release;
		};
		42C1AD561AAF3E7F00248A8D /* Debug */ = {
			isa = XCBuildConfiguration;
			buildSettings = {
				ALWAYS_SEARCH_USER_PATHS = NO;
				CLANG_CXX_LANGUAGE_STANDARD = "gnu++0x";
				CLANG_CXX_LIBRARY = "libc++";
				CLANG_ENABLE_MODULES = YES;
				CLANG_ENABLE_OBJC_ARC = YES;
				CLANG_WARN_BOOL_CONVERSION = YES;
				CLANG_WARN_CONSTANT_CONVERSION = YES;
				CLANG_WARN_DIRECT_OBJC_ISA_USAGE = YES_ERROR;
				CLANG_WARN_EMPTY_BODY = YES;
				CLANG_WARN_ENUM_CONVERSION = YES;
				CLANG_WARN_INT_CONVERSION = YES;
				CLANG_WARN_OBJC_ROOT_CLASS = YES_ERROR;
				CLANG_WARN_UNREACHABLE_CODE = YES;
				CLANG_WARN__DUPLICATE_METHOD_MATCH = YES;
				COPY_PHASE_STRIP = NO;
				ENABLE_STRICT_OBJC_MSGSEND = YES;
				GCC_C_LANGUAGE_STANDARD = gnu99;
				GCC_DYNAMIC_NO_PIC = NO;
				GCC_OPTIMIZATION_LEVEL = 0;
				GCC_PREPROCESSOR_DEFINITIONS = (
					"DEBUG=1",
					"$(inherited)",
				);
				GCC_SYMBOLS_PRIVATE_EXTERN = NO;
				GCC_WARN_64_TO_32_BIT_CONVERSION = YES;
				GCC_WARN_ABOUT_RETURN_TYPE = YES_ERROR;
				GCC_WARN_UNDECLARED_SELECTOR = YES;
				GCC_WARN_UNINITIALIZED_AUTOS = YES_AGGRESSIVE;
				GCC_WARN_UNUSED_FUNCTION = YES;
				GCC_WARN_UNUSED_VARIABLE = YES;
				MTL_ENABLE_DEBUG_INFO = YES;
				ONLY_ACTIVE_ARCH = YES;
			};
			name = Debug;
		};
		42C1AD571AAF3E7F00248A8D /* Release */ = {
			isa = XCBuildConfiguration;
			buildSettings = {
				ALWAYS_SEARCH_USER_PATHS = NO;
				CLANG_CXX_LANGUAGE_STANDARD = "gnu++0x";
				CLANG_CXX_LIBRARY = "libc++";
				CLANG_ENABLE_MODULES = YES;
				CLANG_ENABLE_OBJC_ARC = YES;
				CLANG_WARN_BOOL_CONVERSION = YES;
				CLANG_WARN_CONSTANT_CONVERSION = YES;
				CLANG_WARN_DIRECT_OBJC_ISA_USAGE = YES_ERROR;
				CLANG_WARN_EMPTY_BODY = YES;
				CLANG_WARN_ENUM_CONVERSION = YES;
				CLANG_WARN_INT_CONVERSION = YES;
				CLANG_WARN_OBJC_ROOT_CLASS = YES_ERROR;
				CLANG_WARN_UNREACHABLE_CODE = YES;
				CLANG_WARN__DUPLICATE_METHOD_MATCH = YES;
				COPY_PHASE_STRIP = YES;
				ENABLE_NS_ASSERTIONS = NO;
				ENABLE_STRICT_OBJC_MSGSEND = YES;
				GCC_C_LANGUAGE_STANDARD = gnu99;
				GCC_WARN_64_TO_32_BIT_CONVERSION = YES;
				GCC_WARN_ABOUT_RETURN_TYPE = YES_ERROR;
				GCC_WARN_UNDECLARED_SELECTOR = YES;
				GCC_WARN_UNINITIALIZED_AUTOS = YES_AGGRESSIVE;
				GCC_WARN_UNUSED_FUNCTION = YES;
				GCC_WARN_UNUSED_VARIABLE = YES;
				MTL_ENABLE_DEBUG_INFO = NO;
			};
			name = Release;
		};
		42C1AD591AAF3E7F00248A8D /* Debug */ = {
			isa = XCBuildConfiguration;
			buildSettings = {
				COMBINE_HIDPI_IMAGES = YES;
				DEPLOYMENT_LOCATION = YES;
				DSTROOT = "$(HOME)";
				GCC_PREFIX_HEADER = "PGXcodeActionBrowser/XCActionBar-Prefix.pch";
				INFOPLIST_FILE = PGXcodeActionBrowser/Info.plist;
				INSTALL_PATH = "/Library/Application Support/Developer/Shared/Xcode/Plug-ins";
				MACOSX_DEPLOYMENT_TARGET = 10.10;
				PRODUCT_NAME = "$(TARGET_NAME)";
				WRAPPER_EXTENSION = xcplugin;
			};
			name = Debug;
		};
		42C1AD5A1AAF3E7F00248A8D /* Release */ = {
			isa = XCBuildConfiguration;
			buildSettings = {
				COMBINE_HIDPI_IMAGES = YES;
				DEPLOYMENT_LOCATION = YES;
				DSTROOT = "$(HOME)";
				GCC_PREFIX_HEADER = "PGXcodeActionBrowser/XCActionBar-Prefix.pch";
				INFOPLIST_FILE = PGXcodeActionBrowser/Info.plist;
				INSTALL_PATH = "/Library/Application Support/Developer/Shared/Xcode/Plug-ins";
				MACOSX_DEPLOYMENT_TARGET = 10.10;
				PRODUCT_NAME = "$(TARGET_NAME)";
				WRAPPER_EXTENSION = xcplugin;
			};
			name = Release;
		};
		42C1AD801AAF3EC000248A8D /* Debug */ = {
			isa = XCBuildConfiguration;
			buildSettings = {
				BUNDLE_LOADER = "$(TEST_HOST)";
				COMBINE_HIDPI_IMAGES = YES;
				FRAMEWORK_SEARCH_PATHS = (
					"$(DEVELOPER_FRAMEWORKS_DIR)",
					"$(inherited)",
				);
				GCC_PREPROCESSOR_DEFINITIONS = (
					"DEBUG=1",
					"$(inherited)",
				);
				INFOPLIST_FILE = XcodeActionBrowserSimulatorTests/Info.plist;
				LD_RUNPATH_SEARCH_PATHS = "$(inherited) @executable_path/../Frameworks @loader_path/../Frameworks";
				MACOSX_DEPLOYMENT_TARGET = 10.10;
				PRODUCT_NAME = "$(TARGET_NAME)";
				SDKROOT = macosx;
				TEST_HOST = "$(BUILT_PRODUCTS_DIR)/XcodeActionBrowserSimulator.app/Contents/MacOS/XcodeActionBrowserSimulator";
			};
			name = Debug;
		};
		42C1AD811AAF3EC000248A8D /* Release */ = {
			isa = XCBuildConfiguration;
			buildSettings = {
				BUNDLE_LOADER = "$(TEST_HOST)";
				COMBINE_HIDPI_IMAGES = YES;
				DEBUG_INFORMATION_FORMAT = "dwarf-with-dsym";
				FRAMEWORK_SEARCH_PATHS = (
					"$(DEVELOPER_FRAMEWORKS_DIR)",
					"$(inherited)",
				);
				INFOPLIST_FILE = XcodeActionBrowserSimulatorTests/Info.plist;
				LD_RUNPATH_SEARCH_PATHS = "$(inherited) @executable_path/../Frameworks @loader_path/../Frameworks";
				MACOSX_DEPLOYMENT_TARGET = 10.10;
				PRODUCT_NAME = "$(TARGET_NAME)";
				SDKROOT = macosx;
				TEST_HOST = "$(BUILT_PRODUCTS_DIR)/XcodeActionBrowserSimulator.app/Contents/MacOS/XcodeActionBrowserSimulator";
			};
			name = Release;
		};
/* End XCBuildConfiguration section */

/* Begin XCConfigurationList section */
		423E7FC91ACD4F0F00BFFC55 /* Build configuration list for PBXAggregateTarget "Cleanup" */ = {
			isa = XCConfigurationList;
			buildConfigurations = (
				423E7FCA1ACD4F0F00BFFC55 /* Debug */,
				423E7FCB1ACD4F0F00BFFC55 /* Release */,
			);
			defaultConfigurationIsVisible = 0;
			defaultConfigurationName = Release;
		};
		42C1AD421AAF3E7F00248A8D /* Build configuration list for PBXProject "XCActionBar" */ = {
			isa = XCConfigurationList;
			buildConfigurations = (
				42C1AD561AAF3E7F00248A8D /* Debug */,
				42C1AD571AAF3E7F00248A8D /* Release */,
			);
			defaultConfigurationIsVisible = 0;
			defaultConfigurationName = Release;
		};
		42C1AD581AAF3E7F00248A8D /* Build configuration list for PBXNativeTarget "XCActionBar" */ = {
			isa = XCConfigurationList;
			buildConfigurations = (
				42C1AD591AAF3E7F00248A8D /* Debug */,
				42C1AD5A1AAF3E7F00248A8D /* Release */,
			);
			defaultConfigurationIsVisible = 0;
			defaultConfigurationName = Release;
		};
		42C1AD7F1AAF3EC000248A8D /* Build configuration list for PBXNativeTarget "XcodeActionBrowserSimulatorTests" */ = {
			isa = XCConfigurationList;
			buildConfigurations = (
				42C1AD801AAF3EC000248A8D /* Debug */,
				42C1AD811AAF3EC000248A8D /* Release */,
			);
			defaultConfigurationIsVisible = 0;
			defaultConfigurationName = Release;
		};
/* End XCConfigurationList section */
	};
	rootObject = 42C1AD3F1AAF3E7F00248A8D /* Project object */;
}
